
Microsoft Visual Studio Solution File, Format Version 12.00
# Visual Studio Version 17
VisualStudioVersion = 17.4.33110.190
MinimumVisualStudioVersion = 10.0.40219.1
Project("{2150E333-8FDC-42A3-9474-1A3956D46DE8}") = "Tests", "Tests", "{D70B7185-B90D-4CB7-8FDB-441FADD9821D}"
EndProject
Project("{9A19103F-16F7-4668-BE54-9A1E7A4F7556}") = "BruTile", "BruTile\BruTile.csproj", "{5C51D3BB-9DD0-4945-A808-8DCA6F3761C6}"
EndProject
Project("{9A19103F-16F7-4668-BE54-9A1E7A4F7556}") = "BruTile.MbTiles", "BruTile.MbTiles\BruTile.MbTiles.csproj", "{CFD89526-A4FB-4C52-A8D6-7F59A0E3EF7F}"
EndProject
Project("{2150E333-8FDC-42A3-9474-1A3956D46DE8}") = "Performance", "Performance", "{FC9F55A8-498E-4FFE-9127-E8CB7725DC9D}"
EndProject
Project("{9A19103F-16F7-4668-BE54-9A1E7A4F7556}") = "BruTile.Performance.Desktop", "Performance\BruTile.Performance.Desktop\BruTile.Performance.Desktop.csproj", "{F1C36376-58EE-457F-A2A2-ADE35A39FC8D}"
EndProject
Project("{9A19103F-16F7-4668-BE54-9A1E7A4F7556}") = "BruTile.Tests", "Tests\BruTile.Tests\BruTile.Tests.csproj", "{65B03D41-85CD-492C-99F9-4CD545651A3A}"
EndProject
Project("{9A19103F-16F7-4668-BE54-9A1E7A4F7556}") = "BruTile.MbTiles.Tests", "Tests\BruTile.MbTiles.Tests\BruTile.MbTiles.Tests.csproj", "{1A6D2993-C380-4DF4-9952-A9F22FFD34EB}"
EndProject
Project("{2150E333-8FDC-42A3-9474-1A3956D46DE8}") = "Samples", "Samples", "{B8BB928A-6C12-45B0-8B4C-DF76F5A2D32B}"
EndProject
Project("{9A19103F-16F7-4668-BE54-9A1E7A4F7556}") = "BruTile.GettingStarted", "Samples\BruTile.GettingStarted\BruTile.GettingStarted.csproj", "{5A72F57F-4213-4D85-9970-84C942F2B2A8}"
EndProject
Project("{2150E333-8FDC-42A3-9474-1A3956D46DE8}") = "General", "General", "{489AE2DA-3A35-4B4F-AB95-7E2B193D0833}"
	ProjectSection(SolutionItems) = preProject
		.github\workflows\build.yml = .github\workflows\build.yml
		.github\workflows\publish-nuget.yml = .github\workflows\publish-nuget.yml
	EndProjectSection
EndProject
Global
	GlobalSection(SolutionConfigurationPlatforms) = preSolution
		Debug|Any CPU = Debug|Any CPU
		Debug|x64 = Debug|x64
		Debug|x86 = Debug|x86
		Release|Any CPU = Release|Any CPU
		Release|x64 = Release|x64
		Release|x86 = Release|x86
	EndGlobalSection
	GlobalSection(ProjectConfigurationPlatforms) = postSolution
		{5C51D3BB-9DD0-4945-A808-8DCA6F3761C6}.Debug|Any CPU.ActiveCfg = Debug|Any CPU
		{5C51D3BB-9DD0-4945-A808-8DCA6F3761C6}.Debug|Any CPU.Build.0 = Debug|Any CPU
		{5C51D3BB-9DD0-4945-A808-8DCA6F3761C6}.Debug|x64.ActiveCfg = Debug|Any CPU
		{5C51D3BB-9DD0-4945-A808-8DCA6F3761C6}.Debug|x64.Build.0 = Debug|Any CPU
		{5C51D3BB-9DD0-4945-A808-8DCA6F3761C6}.Debug|x86.ActiveCfg = Debug|Any CPU
		{5C51D3BB-9DD0-4945-A808-8DCA6F3761C6}.Debug|x86.Build.0 = Debug|Any CPU
		{5C51D3BB-9DD0-4945-A808-8DCA6F3761C6}.Release|Any CPU.ActiveCfg = Release|Any CPU
		{5C51D3BB-9DD0-4945-A808-8DCA6F3761C6}.Release|Any CPU.Build.0 = Release|Any CPU
		{5C51D3BB-9DD0-4945-A808-8DCA6F3761C6}.Release|x64.ActiveCfg = Release|Any CPU
		{5C51D3BB-9DD0-4945-A808-8DCA6F3761C6}.Release|x64.Build.0 = Release|Any CPU
		{5C51D3BB-9DD0-4945-A808-8DCA6F3761C6}.Release|x86.ActiveCfg = Release|Any CPU
		{5C51D3BB-9DD0-4945-A808-8DCA6F3761C6}.Release|x86.Build.0 = Release|Any CPU
		{CFD89526-A4FB-4C52-A8D6-7F59A0E3EF7F}.Debug|Any CPU.ActiveCfg = Debug|Any CPU
		{CFD89526-A4FB-4C52-A8D6-7F59A0E3EF7F}.Debug|Any CPU.Build.0 = Debug|Any CPU
		{CFD89526-A4FB-4C52-A8D6-7F59A0E3EF7F}.Debug|x64.ActiveCfg = Debug|Any CPU
		{CFD89526-A4FB-4C52-A8D6-7F59A0E3EF7F}.Debug|x64.Build.0 = Debug|Any CPU
		{CFD89526-A4FB-4C52-A8D6-7F59A0E3EF7F}.Debug|x86.ActiveCfg = Debug|Any CPU
		{CFD89526-A4FB-4C52-A8D6-7F59A0E3EF7F}.Debug|x86.Build.0 = Debug|Any CPU
		{CFD89526-A4FB-4C52-A8D6-7F59A0E3EF7F}.Release|Any CPU.ActiveCfg = Release|Any CPU
		{CFD89526-A4FB-4C52-A8D6-7F59A0E3EF7F}.Release|Any CPU.Build.0 = Release|Any CPU
		{CFD89526-A4FB-4C52-A8D6-7F59A0E3EF7F}.Release|x64.ActiveCfg = Release|Any CPU
		{CFD89526-A4FB-4C52-A8D6-7F59A0E3EF7F}.Release|x64.Build.0 = Release|Any CPU
		{CFD89526-A4FB-4C52-A8D6-7F59A0E3EF7F}.Release|x86.ActiveCfg = Release|Any CPU
		{CFD89526-A4FB-4C52-A8D6-7F59A0E3EF7F}.Release|x86.Build.0 = Release|Any CPU
		{F1C36376-58EE-457F-A2A2-ADE35A39FC8D}.Debug|Any CPU.ActiveCfg = Debug|Any CPU
		{F1C36376-58EE-457F-A2A2-ADE35A39FC8D}.Debug|Any CPU.Build.0 = Debug|Any CPU
		{F1C36376-58EE-457F-A2A2-ADE35A39FC8D}.Debug|x64.ActiveCfg = Debug|Any CPU
		{F1C36376-58EE-457F-A2A2-ADE35A39FC8D}.Debug|x64.Build.0 = Debug|Any CPU
		{F1C36376-58EE-457F-A2A2-ADE35A39FC8D}.Debug|x86.ActiveCfg = Debug|Any CPU
		{F1C36376-58EE-457F-A2A2-ADE35A39FC8D}.Debug|x86.Build.0 = Debug|Any CPU
		{F1C36376-58EE-457F-A2A2-ADE35A39FC8D}.Release|Any CPU.ActiveCfg = Release|Any CPU
		{F1C36376-58EE-457F-A2A2-ADE35A39FC8D}.Release|Any CPU.Build.0 = Release|Any CPU
		{F1C36376-58EE-457F-A2A2-ADE35A39FC8D}.Release|x64.ActiveCfg = Release|Any CPU
		{F1C36376-58EE-457F-A2A2-ADE35A39FC8D}.Release|x64.Build.0 = Release|Any CPU
		{F1C36376-58EE-457F-A2A2-ADE35A39FC8D}.Release|x86.ActiveCfg = Release|Any CPU
		{F1C36376-58EE-457F-A2A2-ADE35A39FC8D}.Release|x86.Build.0 = Release|Any CPU
		{65B03D41-85CD-492C-99F9-4CD545651A3A}.Debug|Any CPU.ActiveCfg = Debug|Any CPU
		{65B03D41-85CD-492C-99F9-4CD545651A3A}.Debug|Any CPU.Build.0 = Debug|Any CPU
		{65B03D41-85CD-492C-99F9-4CD545651A3A}.Debug|x64.ActiveCfg = Debug|Any CPU
		{65B03D41-85CD-492C-99F9-4CD545651A3A}.Debug|x64.Build.0 = Debug|Any CPU
		{65B03D41-85CD-492C-99F9-4CD545651A3A}.Debug|x86.ActiveCfg = Debug|Any CPU
		{65B03D41-85CD-492C-99F9-4CD545651A3A}.Debug|x86.Build.0 = Debug|Any CPU
		{65B03D41-85CD-492C-99F9-4CD545651A3A}.Release|Any CPU.ActiveCfg = Release|Any CPU
		{65B03D41-85CD-492C-99F9-4CD545651A3A}.Release|Any CPU.Build.0 = Release|Any CPU
		{65B03D41-85CD-492C-99F9-4CD545651A3A}.Release|x64.ActiveCfg = Release|Any CPU
		{65B03D41-85CD-492C-99F9-4CD545651A3A}.Release|x64.Build.0 = Release|Any CPU
		{65B03D41-85CD-492C-99F9-4CD545651A3A}.Release|x86.ActiveCfg = Release|Any CPU
		{65B03D41-85CD-492C-99F9-4CD545651A3A}.Release|x86.Build.0 = Release|Any CPU
		{1A6D2993-C380-4DF4-9952-A9F22FFD34EB}.Debug|Any CPU.ActiveCfg = Debug|Any CPU
		{1A6D2993-C380-4DF4-9952-A9F22FFD34EB}.Debug|Any CPU.Build.0 = Debug|Any CPU
		{1A6D2993-C380-4DF4-9952-A9F22FFD34EB}.Debug|x64.ActiveCfg = Debug|Any CPU
		{1A6D2993-C380-4DF4-9952-A9F22FFD34EB}.Debug|x64.Build.0 = Debug|Any CPU
		{1A6D2993-C380-4DF4-9952-A9F22FFD34EB}.Debug|x86.ActiveCfg = Debug|Any CPU
		{1A6D2993-C380-4DF4-9952-A9F22FFD34EB}.Debug|x86.Build.0 = Debug|Any CPU
		{1A6D2993-C380-4DF4-9952-A9F22FFD34EB}.Release|Any CPU.ActiveCfg = Release|Any CPU
		{1A6D2993-C380-4DF4-9952-A9F22FFD34EB}.Release|Any CPU.Build.0 = Release|Any CPU
		{1A6D2993-C380-4DF4-9952-A9F22FFD34EB}.Release|x64.ActiveCfg = Release|Any CPU
		{1A6D2993-C380-4DF4-9952-A9F22FFD34EB}.Release|x64.Build.0 = Release|Any CPU
		{1A6D2993-C380-4DF4-9952-A9F22FFD34EB}.Release|x86.ActiveCfg = Release|Any CPU
		{1A6D2993-C380-4DF4-9952-A9F22FFD34EB}.Release|x86.Build.0 = Release|Any CPU
		{5A72F57F-4213-4D85-9970-84C942F2B2A8}.Debug|Any CPU.ActiveCfg = Debug|Any CPU
		{5A72F57F-4213-4D85-9970-84C942F2B2A8}.Debug|Any CPU.Build.0 = Debug|Any CPU
		{5A72F57F-4213-4D85-9970-84C942F2B2A8}.Debug|x64.ActiveCfg = Debug|Any CPU
		{5A72F57F-4213-4D85-9970-84C942F2B2A8}.Debug|x64.Build.0 = Debug|Any CPU
		{5A72F57F-4213-4D85-9970-84C942F2B2A8}.Debug|x86.ActiveCfg = Debug|Any CPU
		{5A72F57F-4213-4D85-9970-84C942F2B2A8}.Debug|x86.Build.0 = Debug|Any CPU
		{5A72F57F-4213-4D85-9970-84C942F2B2A8}.Release|Any CPU.ActiveCfg = Release|Any CPU
		{5A72F57F-4213-4D85-9970-84C942F2B2A8}.Release|Any CPU.Build.0 = Release|Any CPU
		{5A72F57F-4213-4D85-9970-84C942F2B2A8}.Release|x64.ActiveCfg = Release|Any CPU
		{5A72F57F-4213-4D85-9970-84C942F2B2A8}.Release|x64.Build.0 = Release|Any CPU
		{5A72F57F-4213-4D85-9970-84C942F2B2A8}.Release|x86.ActiveCfg = Release|Any CPU
		{5A72F57F-4213-4D85-9970-84C942F2B2A8}.Release|x86.Build.0 = Release|Any CPU
	EndGlobalSection
	GlobalSection(SolutionProperties) = preSolution
		HideSolutionNode = FALSE
	EndGlobalSection
	GlobalSection(NestedProjects) = preSolution
		{F1C36376-58EE-457F-A2A2-ADE35A39FC8D} = {FC9F55A8-498E-4FFE-9127-E8CB7725DC9D}
		{65B03D41-85CD-492C-99F9-4CD545651A3A} = {D70B7185-B90D-4CB7-8FDB-441FADD9821D}
		{1A6D2993-C380-4DF4-9952-A9F22FFD34EB} = {D70B7185-B90D-4CB7-8FDB-441FADD9821D}
		{5A72F57F-4213-4D85-9970-84C942F2B2A8} = {B8BB928A-6C12-45B0-8B4C-DF76F5A2D32B}
	EndGlobalSection
	GlobalSection(ExtensibilityGlobals) = postSolution
		SolutionGuid = {B183B66E-60DD-4958-AC91-81285E29B11D}
	EndGlobalSection
EndGlobal
