
Microsoft Visual Studio Solution File, Format Version 10.00
# Visual C# Express 2008
Project("{FAE04EC0-301F-11D3-BF4B-00C04F79EFBC}") = "BruTileSurface", "BruTileSurface\BruTileSurface.csproj", "{05C7A3DD-C5E8-499F-89CA-33EB704895C7}"
EndProject
Project("{FAE04EC0-301F-11D3-BF4B-00C04F79EFBC}") = "BruTile", "BruTile\BruTile.csproj", "{70315167-2BF1-4C7B-9184-728CAABF30D7}"
EndProject
Global
	GlobalSection(SolutionConfigurationPlatforms) = preSolution
		Addins debug|Any CPU = Addins debug|Any CPU
		Debug|Any CPU = Debug|Any CPU
		Release|Any CPU = Release|Any CPU
	EndGlobalSection
	GlobalSection(ProjectConfigurationPlatforms) = postSolution
		{05C7A3DD-C5E8-499F-89CA-33EB704895C7}.Addins debug|Any CPU.ActiveCfg = Release|Any CPU
		{05C7A3DD-C5E8-499F-89CA-33EB704895C7}.Addins debug|Any CPU.Build.0 = Release|Any CPU
		{05C7A3DD-C5E8-499F-89CA-33EB704895C7}.Debug|Any CPU.ActiveCfg = Debug|Any CPU
		{05C7A3DD-C5E8-499F-89CA-33EB704895C7}.Debug|Any CPU.Build.0 = Debug|Any CPU
		{05C7A3DD-C5E8-499F-89CA-33EB704895C7}.Release|Any CPU.ActiveCfg = Release|Any CPU
		{05C7A3DD-C5E8-499F-89CA-33EB704895C7}.Release|Any CPU.Build.0 = Release|Any CPU
		{70315167-2BF1-4C7B-9184-728CAABF30D7}.Addins debug|Any CPU.ActiveCfg = Release|Any CPU
		{70315167-2BF1-4C7B-9184-728CAABF30D7}.Addins debug|Any CPU.Build.0 = Release|Any CPU
		{70315167-2BF1-4C7B-9184-728CAABF30D7}.Debug|Any CPU.ActiveCfg = Debug|Any CPU
		{70315167-2BF1-4C7B-9184-728CAABF30D7}.Debug|Any CPU.Build.0 = Debug|Any CPU
		{70315167-2BF1-4C7B-9184-728CAABF30D7}.Release|Any CPU.ActiveCfg = Release|Any CPU
		{70315167-2BF1-4C7B-9184-728CAABF30D7}.Release|Any CPU.Build.0 = Release|Any CPU
	EndGlobalSection
	GlobalSection(SolutionProperties) = preSolution
		HideSolutionNode = FALSE
	EndGlobalSection
	GlobalSection(TestCaseManagementSettings) = postSolution
		CategoryFile = BruTileDemo.vsmdi
	EndGlobalSection
EndGlobal
