
Microsoft Visual Studio Solution File, Format Version 10.00
# Visual Studio 2008
Project("{FAE04EC0-301F-11D3-BF4B-00C04F79EFBC}") = "BruTile.UI.WinForms", "BruTileWinForms\BruTile.UI.WinForms.csproj", "{DB2276E9-C6BB-4335-9D23-AC26A74E0F08}"
EndProject
Project("{FAE04EC0-301F-11D3-BF4B-00C04F79EFBC}") = "BruTile", "BruTile\BruTile.csproj", "{70315167-2BF1-4C7B-9184-728CAABF30D7}"
EndProject
Project("{FAE04EC0-301F-11D3-BF4B-00C04F79EFBC}") = "BruTile.UI.Forms", "BruTileForms\BruTile.UI.Forms.csproj", "{4E40E824-96B8-4F98-A0F8-2DBDF9D3DCE5}"
EndProject
Project("{FAE04EC0-301F-11D3-BF4B-00C04F79EFBC}") = "DemoConfig", "DemoConfig\DemoConfig.csproj", "{4F8F6A4A-8381-40D8-8AC5-FCF3BA96A866}"
EndProject
Project("{FAE04EC0-301F-11D3-BF4B-00C04F79EFBC}") = "SharpMapProvider", "SharpMapProvider\SharpMapProvider.csproj", "{55A31E36-4EA3-42EE-BCAC-2735AA082457}"
EndProject
Project("{FAE04EC0-301F-11D3-BF4B-00C04F79EFBC}") = "BruTile.UI", "BruTileMap\BruTile.UI.csproj", "{FAF7E39B-42BC-4E15-A357-3F348243FE46}"
EndProject
Global
	GlobalSection(SolutionConfigurationPlatforms) = preSolution
		Debug|Any CPU = Debug|Any CPU
		Release|Any CPU = Release|Any CPU
	EndGlobalSection
	GlobalSection(ProjectConfigurationPlatforms) = postSolution
		{DB2276E9-C6BB-4335-9D23-AC26A74E0F08}.Debug|Any CPU.ActiveCfg = Debug|Any CPU
		{DB2276E9-C6BB-4335-9D23-AC26A74E0F08}.Debug|Any CPU.Build.0 = Debug|Any CPU
		{DB2276E9-C6BB-4335-9D23-AC26A74E0F08}.Release|Any CPU.ActiveCfg = Release|Any CPU
		{DB2276E9-C6BB-4335-9D23-AC26A74E0F08}.Release|Any CPU.Build.0 = Release|Any CPU
		{70315167-2BF1-4C7B-9184-728CAABF30D7}.Debug|Any CPU.ActiveCfg = Debug|Any CPU
		{70315167-2BF1-4C7B-9184-728CAABF30D7}.Debug|Any CPU.Build.0 = Debug|Any CPU
		{70315167-2BF1-4C7B-9184-728CAABF30D7}.Release|Any CPU.ActiveCfg = Release|Any CPU
		{70315167-2BF1-4C7B-9184-728CAABF30D7}.Release|Any CPU.Build.0 = Release|Any CPU
		{4E40E824-96B8-4F98-A0F8-2DBDF9D3DCE5}.Debug|Any CPU.ActiveCfg = Debug|Any CPU
		{4E40E824-96B8-4F98-A0F8-2DBDF9D3DCE5}.Debug|Any CPU.Build.0 = Debug|Any CPU
		{4E40E824-96B8-4F98-A0F8-2DBDF9D3DCE5}.Release|Any CPU.ActiveCfg = Release|Any CPU
		{4E40E824-96B8-4F98-A0F8-2DBDF9D3DCE5}.Release|Any CPU.Build.0 = Release|Any CPU
		{4F8F6A4A-8381-40D8-8AC5-FCF3BA96A866}.Debug|Any CPU.ActiveCfg = Debug|Any CPU
		{4F8F6A4A-8381-40D8-8AC5-FCF3BA96A866}.Debug|Any CPU.Build.0 = Debug|Any CPU
		{4F8F6A4A-8381-40D8-8AC5-FCF3BA96A866}.Release|Any CPU.ActiveCfg = Release|Any CPU
		{4F8F6A4A-8381-40D8-8AC5-FCF3BA96A866}.Release|Any CPU.Build.0 = Release|Any CPU
		{55A31E36-4EA3-42EE-BCAC-2735AA082457}.Debug|Any CPU.ActiveCfg = Debug|Any CPU
		{55A31E36-4EA3-42EE-BCAC-2735AA082457}.Debug|Any CPU.Build.0 = Debug|Any CPU
		{55A31E36-4EA3-42EE-BCAC-2735AA082457}.Release|Any CPU.ActiveCfg = Release|Any CPU
		{55A31E36-4EA3-42EE-BCAC-2735AA082457}.Release|Any CPU.Build.0 = Release|Any CPU
		{FAF7E39B-42BC-4E15-A357-3F348243FE46}.Debug|Any CPU.ActiveCfg = Debug|Any CPU
		{FAF7E39B-42BC-4E15-A357-3F348243FE46}.Debug|Any CPU.Build.0 = Debug|Any CPU
		{FAF7E39B-42BC-4E15-A357-3F348243FE46}.Release|Any CPU.ActiveCfg = Release|Any CPU
		{FAF7E39B-42BC-4E15-A357-3F348243FE46}.Release|Any CPU.Build.0 = Release|Any CPU
	EndGlobalSection
	GlobalSection(SolutionProperties) = preSolution
		HideSolutionNode = FALSE
	EndGlobalSection
EndGlobal
