
Microsoft Visual Studio Solution File, Format Version 10.00
# Visual Studio 2008
Project("{FAE04EC0-301F-11D3-BF4B-00C04F79EFBC}") = "DemoConfigCF", "DemoConfig\DemoConfigCF.csproj", "{9ED6962B-227C-496C-AB26-9A7379227E11}"
EndProject
Project("{FAE04EC0-301F-11D3-BF4B-00C04F79EFBC}") = "BruTileMapCF", "BruTileMap\BruTileMapCF.csproj", "{B219D0B6-E57C-4D2B-8D28-C57E09FA8BEA}"
EndProject
Project("{FAE04EC0-301F-11D3-BF4B-00C04F79EFBC}") = "BruTileCF", "BruTile\BruTileCF.csproj", "{11D9E4CB-261E-4E22-B07C-DA0B46905CF3}"
EndProject
Project("{FAE04EC0-301F-11D3-BF4B-00C04F79EFBC}") = "BruTileFormsCF", "BruTileForms\BruTileFormsCF.csproj", "{B42CFE51-59DF-495F-8962-7C90D27B973D}"
EndProject
Project("{FAE04EC0-301F-11D3-BF4B-00C04F79EFBC}") = "BruTileCompactFramework", "BruTileCompactFramework\BruTileCompactFramework.csproj", "{1932085C-F913-49E1-85B6-7B11E3D026B8}"
EndProject
Global
	GlobalSection(SolutionConfigurationPlatforms) = preSolution
		Debug|Any CPU = Debug|Any CPU
		Release|Any CPU = Release|Any CPU
	EndGlobalSection
	GlobalSection(ProjectConfigurationPlatforms) = postSolution
		{9ED6962B-227C-496C-AB26-9A7379227E11}.Debug|Any CPU.ActiveCfg = Debug|Any CPU
		{9ED6962B-227C-496C-AB26-9A7379227E11}.Debug|Any CPU.Build.0 = Debug|Any CPU
		{9ED6962B-227C-496C-AB26-9A7379227E11}.Release|Any CPU.ActiveCfg = Release|Any CPU
		{9ED6962B-227C-496C-AB26-9A7379227E11}.Release|Any CPU.Build.0 = Release|Any CPU
		{B219D0B6-E57C-4D2B-8D28-C57E09FA8BEA}.Debug|Any CPU.ActiveCfg = Debug|Any CPU
		{B219D0B6-E57C-4D2B-8D28-C57E09FA8BEA}.Debug|Any CPU.Build.0 = Debug|Any CPU
		{B219D0B6-E57C-4D2B-8D28-C57E09FA8BEA}.Release|Any CPU.ActiveCfg = Release|Any CPU
		{B219D0B6-E57C-4D2B-8D28-C57E09FA8BEA}.Release|Any CPU.Build.0 = Release|Any CPU
		{11D9E4CB-261E-4E22-B07C-DA0B46905CF3}.Debug|Any CPU.ActiveCfg = Debug|Any CPU
		{11D9E4CB-261E-4E22-B07C-DA0B46905CF3}.Debug|Any CPU.Build.0 = Debug|Any CPU
		{11D9E4CB-261E-4E22-B07C-DA0B46905CF3}.Release|Any CPU.ActiveCfg = Release|Any CPU
		{11D9E4CB-261E-4E22-B07C-DA0B46905CF3}.Release|Any CPU.Build.0 = Release|Any CPU
		{B42CFE51-59DF-495F-8962-7C90D27B973D}.Debug|Any CPU.ActiveCfg = Debug|Any CPU
		{B42CFE51-59DF-495F-8962-7C90D27B973D}.Debug|Any CPU.Build.0 = Debug|Any CPU
		{B42CFE51-59DF-495F-8962-7C90D27B973D}.Release|Any CPU.ActiveCfg = Release|Any CPU
		{B42CFE51-59DF-495F-8962-7C90D27B973D}.Release|Any CPU.Build.0 = Release|Any CPU
		{1932085C-F913-49E1-85B6-7B11E3D026B8}.Debug|Any CPU.ActiveCfg = Debug|Any CPU
		{1932085C-F913-49E1-85B6-7B11E3D026B8}.Debug|Any CPU.Build.0 = Debug|Any CPU
		{1932085C-F913-49E1-85B6-7B11E3D026B8}.Debug|Any CPU.Deploy.0 = Debug|Any CPU
		{1932085C-F913-49E1-85B6-7B11E3D026B8}.Release|Any CPU.ActiveCfg = Release|Any CPU
		{1932085C-F913-49E1-85B6-7B11E3D026B8}.Release|Any CPU.Build.0 = Release|Any CPU
		{1932085C-F913-49E1-85B6-7B11E3D026B8}.Release|Any CPU.Deploy.0 = Release|Any CPU
	EndGlobalSection
	GlobalSection(SolutionProperties) = preSolution
		HideSolutionNode = FALSE
	EndGlobalSection
EndGlobal
