
Microsoft Visual Studio Solution File, Format Version 10.00
# Visual Studio 2008
Project("{FAE04EC0-301F-11D3-BF4B-00C04F79EFBC}") = "BruTileSL", "BruTile\BruTileSL.csproj", "{DD028875-B9BD-45B0-8306-797D318FA57B}"
EndProject
Project("{FAE04EC0-301F-11D3-BF4B-00C04F79EFBC}") = "DemoConfigSL", "DemoConfig\DemoConfigSL.csproj", "{8C3CFBF5-A0B3-496F-B287-2BBD988D2373}"
EndProject
Project("{FAE04EC0-301F-11D3-BF4B-00C04F79EFBC}") = "BruTileSilverlight", "BruTileSilverlight\BruTileSilverlight.csproj", "{066B11A1-B05D-4DD4-B372-1CCEDF929962}"
EndProject
Project("{FAE04EC0-301F-11D3-BF4B-00C04F79EFBC}") = "BruTileSilverlight.Web", "BruTileSilverlight.Web\BruTileSilverlight.Web.csproj", "{07D1F6C6-F490-4AA5-B000-0173DEACF572}"
EndProject
Project("{FAE04EC0-301F-11D3-BF4B-00C04F79EFBC}") = "BruTileMapSL", "BruTileMap\BruTileMapSL.csproj", "{DF93419D-F269-447F-BFE9-0E2A1A4EE2BF}"
EndProject
Project("{FAE04EC0-301F-11D3-BF4B-00C04F79EFBC}") = "BruTileWindowsSL", "BruTileWindows\BruTileWindowsSL.csproj", "{DC9F828B-9873-4C4C-949C-70358EE06AA4}"
EndProject
Global
	GlobalSection(TestCaseManagementSettings) = postSolution
		CategoryFile = BruTileDemo.vsmdi
	EndGlobalSection
	GlobalSection(SolutionConfigurationPlatforms) = preSolution
		Debug|Any CPU = Debug|Any CPU
		Release|Any CPU = Release|Any CPU
	EndGlobalSection
	GlobalSection(ProjectConfigurationPlatforms) = postSolution
		{DD028875-B9BD-45B0-8306-797D318FA57B}.Debug|Any CPU.ActiveCfg = Debug|Any CPU
		{DD028875-B9BD-45B0-8306-797D318FA57B}.Debug|Any CPU.Build.0 = Debug|Any CPU
		{DD028875-B9BD-45B0-8306-797D318FA57B}.Release|Any CPU.ActiveCfg = Release|Any CPU
		{DD028875-B9BD-45B0-8306-797D318FA57B}.Release|Any CPU.Build.0 = Release|Any CPU
		{8C3CFBF5-A0B3-496F-B287-2BBD988D2373}.Debug|Any CPU.ActiveCfg = Debug|Any CPU
		{8C3CFBF5-A0B3-496F-B287-2BBD988D2373}.Debug|Any CPU.Build.0 = Debug|Any CPU
		{8C3CFBF5-A0B3-496F-B287-2BBD988D2373}.Release|Any CPU.ActiveCfg = Release|Any CPU
		{8C3CFBF5-A0B3-496F-B287-2BBD988D2373}.Release|Any CPU.Build.0 = Release|Any CPU
		{066B11A1-B05D-4DD4-B372-1CCEDF929962}.Debug|Any CPU.ActiveCfg = Debug|Any CPU
		{066B11A1-B05D-4DD4-B372-1CCEDF929962}.Debug|Any CPU.Build.0 = Debug|Any CPU
		{066B11A1-B05D-4DD4-B372-1CCEDF929962}.Release|Any CPU.ActiveCfg = Release|Any CPU
		{066B11A1-B05D-4DD4-B372-1CCEDF929962}.Release|Any CPU.Build.0 = Release|Any CPU
		{07D1F6C6-F490-4AA5-B000-0173DEACF572}.Debug|Any CPU.ActiveCfg = Debug|Any CPU
		{07D1F6C6-F490-4AA5-B000-0173DEACF572}.Debug|Any CPU.Build.0 = Debug|Any CPU
		{07D1F6C6-F490-4AA5-B000-0173DEACF572}.Release|Any CPU.ActiveCfg = Release|Any CPU
		{07D1F6C6-F490-4AA5-B000-0173DEACF572}.Release|Any CPU.Build.0 = Release|Any CPU
		{DF93419D-F269-447F-BFE9-0E2A1A4EE2BF}.Debug|Any CPU.ActiveCfg = Debug|Any CPU
		{DF93419D-F269-447F-BFE9-0E2A1A4EE2BF}.Debug|Any CPU.Build.0 = Debug|Any CPU
		{DF93419D-F269-447F-BFE9-0E2A1A4EE2BF}.Release|Any CPU.ActiveCfg = Release|Any CPU
		{DF93419D-F269-447F-BFE9-0E2A1A4EE2BF}.Release|Any CPU.Build.0 = Release|Any CPU
		{DC9F828B-9873-4C4C-949C-70358EE06AA4}.Debug|Any CPU.ActiveCfg = Debug|Any CPU
		{DC9F828B-9873-4C4C-949C-70358EE06AA4}.Debug|Any CPU.Build.0 = Debug|Any CPU
		{DC9F828B-9873-4C4C-949C-70358EE06AA4}.Release|Any CPU.ActiveCfg = Release|Any CPU
		{DC9F828B-9873-4C4C-949C-70358EE06AA4}.Release|Any CPU.Build.0 = Release|Any CPU
	EndGlobalSection
	GlobalSection(SolutionProperties) = preSolution
		HideSolutionNode = FALSE
	EndGlobalSection
EndGlobal
