
Microsoft Visual Studio Solution File, Format Version 11.00
# Visual Web Developer Express 2010
Project("{FAE04EC0-301F-11D3-BF4B-00C04F79EFBC}") = "BruTile-SL", "BruTile\BruTile-SL.csproj", "{DD028875-B9BD-45B0-8306-797D318FA57B}"
EndProject
Global
	GlobalSection(SolutionConfigurationPlatforms) = preSolution
		Debug|Any CPU = Debug|Any CPU
		Release|Any CPU = Release|Any CPU
	EndGlobalSection
	GlobalSection(ProjectConfigurationPlatforms) = postSolution
		{DD028875-B9BD-45B0-8306-797D318FA57B}.Debug|Any CPU.ActiveCfg = Debug|Any CPU
		{DD028875-B9BD-45B0-8306-797D318FA57B}.Debug|Any CPU.Build.0 = Debug|Any CPU
		{DD028875-B9BD-45B0-8306-797D318FA57B}.Release|Any CPU.ActiveCfg = Release|Any CPU
		{DD028875-B9BD-45B0-8306-797D318FA57B}.Release|Any CPU.Build.0 = Release|Any CPU
	EndGlobalSection
	GlobalSection(SolutionProperties) = preSolution
		HideSolutionNode = FALSE
	EndGlobalSection
EndGlobal
