
Microsoft Visual Studio Solution File, Format Version 10.00
# Visual Studio 2008
Project("{FAE04EC0-301F-11D3-BF4B-00C04F79EFBC}") = "BruTileDemoCF", "BruTileDemoCF\BruTileDemoCF.csproj", "{D721B047-96EB-43F7-A40E-96AD11388AC2}"
EndProject
Project("{FAE04EC0-301F-11D3-BF4B-00C04F79EFBC}") = "DemoConfigCF", "DemoConfig\DemoConfigCF.csproj", "{9ED6962B-227C-496C-AB26-9A7379227E11}"
EndProject
Project("{FAE04EC0-301F-11D3-BF4B-00C04F79EFBC}") = "BruTileCF", "BruTile\BruTileCF.csproj", "{5A07ED36-BDFB-49EF-A49A-AAA048784569}"
EndProject
Project("{FAE04EC0-301F-11D3-BF4B-00C04F79EFBC}") = "BruTileMapCF", "BruTileMap\BruTileMapCF.csproj", "{B219D0B6-E57C-4D2B-8D28-C57E09FA8BEA}"
EndProject
Global
	GlobalSection(SolutionConfigurationPlatforms) = preSolution
		Debug|Any CPU = Debug|Any CPU
		Release|Any CPU = Release|Any CPU
	EndGlobalSection
	GlobalSection(ProjectConfigurationPlatforms) = postSolution
		{D721B047-96EB-43F7-A40E-96AD11388AC2}.Debug|Any CPU.ActiveCfg = Debug|Any CPU
		{D721B047-96EB-43F7-A40E-96AD11388AC2}.Debug|Any CPU.Build.0 = Debug|Any CPU
		{D721B047-96EB-43F7-A40E-96AD11388AC2}.Debug|Any CPU.Deploy.0 = Debug|Any CPU
		{D721B047-96EB-43F7-A40E-96AD11388AC2}.Release|Any CPU.ActiveCfg = Release|Any CPU
		{D721B047-96EB-43F7-A40E-96AD11388AC2}.Release|Any CPU.Build.0 = Release|Any CPU
		{D721B047-96EB-43F7-A40E-96AD11388AC2}.Release|Any CPU.Deploy.0 = Release|Any CPU
		{9ED6962B-227C-496C-AB26-9A7379227E11}.Debug|Any CPU.ActiveCfg = Debug|Any CPU
		{9ED6962B-227C-496C-AB26-9A7379227E11}.Debug|Any CPU.Build.0 = Debug|Any CPU
		{9ED6962B-227C-496C-AB26-9A7379227E11}.Release|Any CPU.ActiveCfg = Release|Any CPU
		{9ED6962B-227C-496C-AB26-9A7379227E11}.Release|Any CPU.Build.0 = Release|Any CPU
		{5A07ED36-BDFB-49EF-A49A-AAA048784569}.Debug|Any CPU.ActiveCfg = Debug|Any CPU
		{5A07ED36-BDFB-49EF-A49A-AAA048784569}.Debug|Any CPU.Build.0 = Debug|Any CPU
		{5A07ED36-BDFB-49EF-A49A-AAA048784569}.Release|Any CPU.ActiveCfg = Release|Any CPU
		{5A07ED36-BDFB-49EF-A49A-AAA048784569}.Release|Any CPU.Build.0 = Release|Any CPU
		{B219D0B6-E57C-4D2B-8D28-C57E09FA8BEA}.Debug|Any CPU.ActiveCfg = Debug|Any CPU
		{B219D0B6-E57C-4D2B-8D28-C57E09FA8BEA}.Debug|Any CPU.Build.0 = Debug|Any CPU
		{B219D0B6-E57C-4D2B-8D28-C57E09FA8BEA}.Release|Any CPU.ActiveCfg = Release|Any CPU
		{B219D0B6-E57C-4D2B-8D28-C57E09FA8BEA}.Release|Any CPU.Build.0 = Release|Any CPU
	EndGlobalSection
	GlobalSection(SolutionProperties) = preSolution
		HideSolutionNode = FALSE
	EndGlobalSection
EndGlobal
