Microsoft Visual Studio Solution File, Format Version 12.00
# Visual Studio Version 16
VisualStudioVersion = 16.0.29215.179
MinimumVisualStudioVersion = 10.0.40219.1
Project("{2150E333-8FDC-42A3-9474-1A3956D46DE8}") = "00_Common", "00_Common", "{3C2B3A0E-FCC9-4ACC-88D0-D8A540C4E249}"
	ProjectSection(SolutionItems) = preProject
		.gitignore = .gitignore
		BruTile.Common.props = BruTile.Common.props
		BruTile.sln.DotSettings = BruTile.sln.DotSettings
		license.txt = license.txt
		README.md = README.md
	EndProjectSection
EndProject
Project("{9A19103F-16F7-4668-BE54-9A1E7A4F7556}") = "BruTile.Desktop", "BruTile.Desktop\BruTile.Desktop.csproj", "{2F6D9E1C-2001-40C8-89BA-FDF8597BB719}"
EndProject
Project("{9A19103F-16F7-4668-BE54-9A1E7A4F7556}") = "BruTile", "BruTile\BruTile.csproj", "{9FB60E2D-C682-4A01-9584-8B495B8DA85A}"
EndProject
Project("{2150E333-8FDC-42A3-9474-1A3956D46DE8}") = "03_Samples", "03_Samples", "{136D7621-C2BA-419F-AF8E-07BF1D2BCE1F}"
EndProject
Project("{FAE04EC0-301F-11D3-BF4B-00C04F79EFBC}") = "BruTile.Demo", "Samples\BruTile.Demo\BruTile.Demo.csproj", "{57766550-A465-4797-80B7-9D7746D2DCF3}"
EndProject
Project("{9A19103F-16F7-4668-BE54-9A1E7A4F7556}") = "BruTile.Samples.Common", "Samples\BruTile.Samples.Common\BruTile.Samples.Common.csproj", "{24A0D64A-F894-4EB4-8CB7-8F6081BFE324}"
EndProject
Project("{FAE04EC0-301F-11D3-BF4B-00C04F79EFBC}") = "BruTile.Samples.SimpleStaticMap", "Samples\BruTile.Samples.SimpleStaticMap\BruTile.Samples.SimpleStaticMap.csproj", "{11C2C7B4-3A50-4984-9466-478526091EE2}"
EndProject
Project("{2150E333-8FDC-42A3-9474-1A3956D46DE8}") = "02_Tests", "02_Tests", "{3B8883BB-764B-40AA-B7BD-A30F4C9D5808}"
EndProject
Project("{9A19103F-16F7-4668-BE54-9A1E7A4F7556}") = "BruTile.Tests", "Tests\BruTile.Tests\BruTile.Tests.csproj", "{DFFD61EA-2A22-48D7-A5F7-17554AB10BCE}"
EndProject
Project("{9A19103F-16F7-4668-BE54-9A1E7A4F7556}") = "BruTile.Desktop.Tests", "Tests\BruTile.Desktop.Tests\BruTile.Desktop.Tests.csproj", "{C2F848EF-E0AE-4A0C-909B-C9C10AFB2CEC}"
EndProject
Project("{FAE04EC0-301F-11D3-BF4B-00C04F79EFBC}") = "BruTile.Samples.MbTiles", "Samples\BruTile.Samples.MbTiles\BruTile.Samples.MbTiles.csproj", "{F450520B-00BE-4FA0-9B40-8AAD5A74F321}"
EndProject
Project("{9A19103F-16F7-4668-BE54-9A1E7A4F7556}") = "BruTile.MbTiles.Tests", "Tests\BruTile.MbTiles.Tests\BruTile.MbTiles.Tests.csproj", "{2DC1700A-F83F-44D9-A2AC-EA2DCF4E747F}"
EndProject
Project("{FAE04EC0-301F-11D3-BF4B-00C04F79EFBC}") = "BruTile.Samples.Console", "Samples\BruTile.Samples.Console\BruTile.Samples.Console.csproj", "{ADE23B05-8CCE-4EAD-BCA6-0A469F60B29B}"
EndProject
Project("{2150E333-8FDC-42A3-9474-1A3956D46DE8}") = "04_Performance", "04_Performance", "{E8E1A22E-2F90-42E1-A8B6-BAB783881FD3}"
EndProject
Project("{9A19103F-16F7-4668-BE54-9A1E7A4F7556}") = "BruTile.Performance.Desktop", "Performance\BruTile.Performance.Desktop\BruTile.Performance.Desktop.csproj", "{7114313B-7563-4D86-B052-5E5667D7E17C}"
EndProject
Project("{9A19103F-16F7-4668-BE54-9A1E7A4F7556}") = "BruTile.MbTiles", "BruTile.MbTiles\BruTile.MbTiles.csproj", "{D67D3DCC-6494-4C0A-91DD-DB9AE9EA43F1}"
EndProject
Project("{2150E333-8FDC-42A3-9474-1A3956D46DE8}") = "01_Source", "01_Source", "{19780978-0590-4DCF-85A6-5D2941A1085C}"
EndProject
Project("{9A19103F-16F7-4668-BE54-9A1E7A4F7556}") = "BruTile.Desktop.DbCache", "BruTile.Desktop.DbCache\BruTile.Desktop.DbCache.csproj", "{EA5DFD5A-BBF6-404F-A95E-DF096B56C5C0}"
EndProject
Project("{2150E333-8FDC-42A3-9474-1A3956D46DE8}") = "05_Tools", "05_Tools", "{6EE2299B-A487-4B50-BEE3-3CEE6D07A6C5}"
EndProject
Project("{2150E333-8FDC-42A3-9474-1A3956D46DE8}") = "06_Build", "06_Build", "{B583AE04-DFDB-4232-9888-2FEDA348165F}"
	ProjectSection(SolutionItems) = preProject
		Build\deploy.cmd = Build\deploy.cmd
	EndProjectSection
EndProject
Project("{9A19103F-16F7-4668-BE54-9A1E7A4F7556}") = "GetVersionFromAssembly", "Tools\GetVersionFromAssembly\GetVersionFromAssembly.csproj", "{DB13792C-8391-4D3A-AC4A-DA910E9464DC}"
EndProject
Project("{9A19103F-16F7-4668-BE54-9A1E7A4F7556}") = "BruTile.GettingStarted", "Samples\BruTile.GettingStarted\BruTile.GettingStarted.csproj", "{ACB6A591-8735-4BB1-B8DC-4FBA65C4D722}"
EndProject
Global
	GlobalSection(SolutionConfigurationPlatforms) = preSolution
		Debug|Any CPU = Debug|Any CPU
		Release|Any CPU = Release|Any CPU
	EndGlobalSection
	GlobalSection(ProjectConfigurationPlatforms) = postSolution
		{2F6D9E1C-2001-40C8-89BA-FDF8597BB719}.Debug|Any CPU.ActiveCfg = Debug|Any CPU
		{2F6D9E1C-2001-40C8-89BA-FDF8597BB719}.Debug|Any CPU.Build.0 = Debug|Any CPU
		{2F6D9E1C-2001-40C8-89BA-FDF8597BB719}.Release|Any CPU.ActiveCfg = Release|Any CPU
		{2F6D9E1C-2001-40C8-89BA-FDF8597BB719}.Release|Any CPU.Build.0 = Release|Any CPU
		{9FB60E2D-C682-4A01-9584-8B495B8DA85A}.Debug|Any CPU.ActiveCfg = Debug|Any CPU
		{9FB60E2D-C682-4A01-9584-8B495B8DA85A}.Debug|Any CPU.Build.0 = Debug|Any CPU
		{9FB60E2D-C682-4A01-9584-8B495B8DA85A}.Release|Any CPU.ActiveCfg = Release|Any CPU
		{9FB60E2D-C682-4A01-9584-8B495B8DA85A}.Release|Any CPU.Build.0 = Release|Any CPU
		{57766550-A465-4797-80B7-9D7746D2DCF3}.Debug|Any CPU.ActiveCfg = Debug|Any CPU
		{57766550-A465-4797-80B7-9D7746D2DCF3}.Debug|Any CPU.Build.0 = Debug|Any CPU
		{57766550-A465-4797-80B7-9D7746D2DCF3}.Release|Any CPU.ActiveCfg = Release|Any CPU
		{57766550-A465-4797-80B7-9D7746D2DCF3}.Release|Any CPU.Build.0 = Release|Any CPU
		{24A0D64A-F894-4EB4-8CB7-8F6081BFE324}.Debug|Any CPU.ActiveCfg = Debug|Any CPU
		{24A0D64A-F894-4EB4-8CB7-8F6081BFE324}.Debug|Any CPU.Build.0 = Debug|Any CPU
		{24A0D64A-F894-4EB4-8CB7-8F6081BFE324}.Release|Any CPU.ActiveCfg = Release|Any CPU
		{24A0D64A-F894-4EB4-8CB7-8F6081BFE324}.Release|Any CPU.Build.0 = Release|Any CPU
		{11C2C7B4-3A50-4984-9466-478526091EE2}.Debug|Any CPU.ActiveCfg = Debug|Any CPU
		{11C2C7B4-3A50-4984-9466-478526091EE2}.Debug|Any CPU.Build.0 = Debug|Any CPU
		{11C2C7B4-3A50-4984-9466-478526091EE2}.Release|Any CPU.ActiveCfg = Release|Any CPU
		{11C2C7B4-3A50-4984-9466-478526091EE2}.Release|Any CPU.Build.0 = Release|Any CPU
		{DFFD61EA-2A22-48D7-A5F7-17554AB10BCE}.Debug|Any CPU.ActiveCfg = Debug|Any CPU
		{DFFD61EA-2A22-48D7-A5F7-17554AB10BCE}.Debug|Any CPU.Build.0 = Debug|Any CPU
		{DFFD61EA-2A22-48D7-A5F7-17554AB10BCE}.Release|Any CPU.ActiveCfg = Release|Any CPU
		{DFFD61EA-2A22-48D7-A5F7-17554AB10BCE}.Release|Any CPU.Build.0 = Release|Any CPU
		{C2F848EF-E0AE-4A0C-909B-C9C10AFB2CEC}.Debug|Any CPU.ActiveCfg = Debug|Any CPU
		{C2F848EF-E0AE-4A0C-909B-C9C10AFB2CEC}.Debug|Any CPU.Build.0 = Debug|Any CPU
		{C2F848EF-E0AE-4A0C-909B-C9C10AFB2CEC}.Release|Any CPU.ActiveCfg = Release|Any CPU
		{C2F848EF-E0AE-4A0C-909B-C9C10AFB2CEC}.Release|Any CPU.Build.0 = Release|Any CPU
		{F450520B-00BE-4FA0-9B40-8AAD5A74F321}.Debug|Any CPU.ActiveCfg = Debug|Any CPU
		{F450520B-00BE-4FA0-9B40-8AAD5A74F321}.Debug|Any CPU.Build.0 = Debug|Any CPU
		{F450520B-00BE-4FA0-9B40-8AAD5A74F321}.Release|Any CPU.ActiveCfg = Release|Any CPU
		{F450520B-00BE-4FA0-9B40-8AAD5A74F321}.Release|Any CPU.Build.0 = Release|Any CPU
		{2DC1700A-F83F-44D9-A2AC-EA2DCF4E747F}.Debug|Any CPU.ActiveCfg = Debug|Any CPU
		{2DC1700A-F83F-44D9-A2AC-EA2DCF4E747F}.Debug|Any CPU.Build.0 = Debug|Any CPU
		{2DC1700A-F83F-44D9-A2AC-EA2DCF4E747F}.Release|Any CPU.ActiveCfg = Release|Any CPU
		{2DC1700A-F83F-44D9-A2AC-EA2DCF4E747F}.Release|Any CPU.Build.0 = Release|Any CPU
		{ADE23B05-8CCE-4EAD-BCA6-0A469F60B29B}.Debug|Any CPU.ActiveCfg = Debug|Any CPU
		{ADE23B05-8CCE-4EAD-BCA6-0A469F60B29B}.Debug|Any CPU.Build.0 = Debug|Any CPU
		{ADE23B05-8CCE-4EAD-BCA6-0A469F60B29B}.Release|Any CPU.ActiveCfg = Release|Any CPU
		{ADE23B05-8CCE-4EAD-BCA6-0A469F60B29B}.Release|Any CPU.Build.0 = Release|Any CPU
		{7114313B-7563-4D86-B052-5E5667D7E17C}.Debug|Any CPU.ActiveCfg = Debug|Any CPU
		{7114313B-7563-4D86-B052-5E5667D7E17C}.Debug|Any CPU.Build.0 = Debug|Any CPU
		{7114313B-7563-4D86-B052-5E5667D7E17C}.Release|Any CPU.ActiveCfg = Release|Any CPU
		{7114313B-7563-4D86-B052-5E5667D7E17C}.Release|Any CPU.Build.0 = Release|Any CPU
		{D67D3DCC-6494-4C0A-91DD-DB9AE9EA43F1}.Debug|Any CPU.ActiveCfg = Debug|Any CPU
		{D67D3DCC-6494-4C0A-91DD-DB9AE9EA43F1}.Debug|Any CPU.Build.0 = Debug|Any CPU
		{D67D3DCC-6494-4C0A-91DD-DB9AE9EA43F1}.Release|Any CPU.ActiveCfg = Release|Any CPU
		{D67D3DCC-6494-4C0A-91DD-DB9AE9EA43F1}.Release|Any CPU.Build.0 = Release|Any CPU
		{EA5DFD5A-BBF6-404F-A95E-DF096B56C5C0}.Debug|Any CPU.ActiveCfg = Debug|Any CPU
		{EA5DFD5A-BBF6-404F-A95E-DF096B56C5C0}.Debug|Any CPU.Build.0 = Debug|Any CPU
		{EA5DFD5A-BBF6-404F-A95E-DF096B56C5C0}.Release|Any CPU.ActiveCfg = Release|Any CPU
		{EA5DFD5A-BBF6-404F-A95E-DF096B56C5C0}.Release|Any CPU.Build.0 = Release|Any CPU
		{DB13792C-8391-4D3A-AC4A-DA910E9464DC}.Debug|Any CPU.ActiveCfg = Debug|Any CPU
		{DB13792C-8391-4D3A-AC4A-DA910E9464DC}.Debug|Any CPU.Build.0 = Debug|Any CPU
		{DB13792C-8391-4D3A-AC4A-DA910E9464DC}.Release|Any CPU.ActiveCfg = Release|Any CPU
		{DB13792C-8391-4D3A-AC4A-DA910E9464DC}.Release|Any CPU.Build.0 = Release|Any CPU
		{ACB6A591-8735-4BB1-B8DC-4FBA65C4D722}.Debug|Any CPU.ActiveCfg = Debug|Any CPU
		{ACB6A591-8735-4BB1-B8DC-4FBA65C4D722}.Debug|Any CPU.Build.0 = Debug|Any CPU
		{ACB6A591-8735-4BB1-B8DC-4FBA65C4D722}.Release|Any CPU.ActiveCfg = Release|Any CPU
		{ACB6A591-8735-4BB1-B8DC-4FBA65C4D722}.Release|Any CPU.Build.0 = Release|Any CPU
	EndGlobalSection
	GlobalSection(SolutionProperties) = preSolution
		HideSolutionNode = FALSE
	EndGlobalSection
	GlobalSection(NestedProjects) = preSolution
		{2F6D9E1C-2001-40C8-89BA-FDF8597BB719} = {19780978-0590-4DCF-85A6-5D2941A1085C}
		{9FB60E2D-C682-4A01-9584-8B495B8DA85A} = {19780978-0590-4DCF-85A6-5D2941A1085C}
		{57766550-A465-4797-80B7-9D7746D2DCF3} = {136D7621-C2BA-419F-AF8E-07BF1D2BCE1F}
		{24A0D64A-F894-4EB4-8CB7-8F6081BFE324} = {136D7621-C2BA-419F-AF8E-07BF1D2BCE1F}
		{11C2C7B4-3A50-4984-9466-478526091EE2} = {136D7621-C2BA-419F-AF8E-07BF1D2BCE1F}
		{DFFD61EA-2A22-48D7-A5F7-17554AB10BCE} = {3B8883BB-764B-40AA-B7BD-A30F4C9D5808}
		{C2F848EF-E0AE-4A0C-909B-C9C10AFB2CEC} = {3B8883BB-764B-40AA-B7BD-A30F4C9D5808}
		{F450520B-00BE-4FA0-9B40-8AAD5A74F321} = {136D7621-C2BA-419F-AF8E-07BF1D2BCE1F}
		{2DC1700A-F83F-44D9-A2AC-EA2DCF4E747F} = {3B8883BB-764B-40AA-B7BD-A30F4C9D5808}
		{ADE23B05-8CCE-4EAD-BCA6-0A469F60B29B} = {136D7621-C2BA-419F-AF8E-07BF1D2BCE1F}
		{7114313B-7563-4D86-B052-5E5667D7E17C} = {E8E1A22E-2F90-42E1-A8B6-BAB783881FD3}
		{D67D3DCC-6494-4C0A-91DD-DB9AE9EA43F1} = {19780978-0590-4DCF-85A6-5D2941A1085C}
		{EA5DFD5A-BBF6-404F-A95E-DF096B56C5C0} = {19780978-0590-4DCF-85A6-5D2941A1085C}
		{DB13792C-8391-4D3A-AC4A-DA910E9464DC} = {6EE2299B-A487-4B50-BEE3-3CEE6D07A6C5}
		{ACB6A591-8735-4BB1-B8DC-4FBA65C4D722} = {136D7621-C2BA-419F-AF8E-07BF1D2BCE1F}
	EndGlobalSection
	GlobalSection(ExtensibilityGlobals) = postSolution
		SolutionGuid = {73DFC204-2E2B-4AE0-A5AD-99FE18C3F923}
	EndGlobalSection
EndGlobal
