
Microsoft Visual Studio Solution File, Format Version 12.00
# Visual Studio 11
Project("{FAE04EC0-301F-11D3-BF4B-00C04F79EFBC}") = "BruTile", "BruTile\BruTile.csproj", "{70315167-2BF1-4C7B-9184-728CAABF30D7}"
EndProject
Project("{FAE04EC0-301F-11D3-BF4B-00C04F79EFBC}") = "BruTile.Tests", "BruTile.Tests\BruTile.Tests.csproj", "{DFFD61EA-2A22-48D7-A5F7-17554AB10BCE}"
EndProject
Project("{FAE04EC0-301F-11D3-BF4B-00C04F79EFBC}") = "WinFormsSample", "WinFormsSample\WinFormsSample.csproj", "{6EEDF770-D05C-441E-A523-7C97F620B9BB}"
EndProject
Project("{FAE04EC0-301F-11D3-BF4B-00C04F79EFBC}") = "BruTile.MbTiles", "BruTile.MbTiles\BruTile.MbTiles.csproj", "{C847C0EA-38EC-49B8-AF07-12B65CA9C708}"
EndProject
Project("{2150E333-8FDC-42A3-9474-1A3956D46DE8}") = "NuGet", "NuGet", "{3C2B3A0E-FCC9-4ACC-88D0-D8A540C4E249}"
	ProjectSection(SolutionItems) = preProject
		BruTile.MbTiles.nuspec = BruTile.MbTiles.nuspec
		BruTile.nuspec = BruTile.nuspec
	EndProjectSection
EndProject
Project("{FAE04EC0-301F-11D3-BF4B-00C04F79EFBC}") = "Community.CsharpSqlite", "CSharpSQLite\Community.CsharpSqlite\Community.CsharpSqlite.csproj", "{F1653F20-D47D-4F29-8C55-3C835542AF5F}"
EndProject
Project("{FAE04EC0-301F-11D3-BF4B-00C04F79EFBC}") = "Community.CsharpSqlite.SQLiteClient", "CSharpSQLite\Community.CsharpSqlite.SQLiteClient\Community.CsharpSqlite.SQLiteClient.csproj", "{7BC68E61-C64C-488C-975F-1E2248383B80}"
EndProject
Global
	GlobalSection(SolutionConfigurationPlatforms) = preSolution
		Debug|Any CPU = Debug|Any CPU
		Debug|Mixed Platforms = Debug|Mixed Platforms
		Debug|x86 = Debug|x86
		Release|Any CPU = Release|Any CPU
		Release|Mixed Platforms = Release|Mixed Platforms
		Release|x86 = Release|x86
	EndGlobalSection
	GlobalSection(ProjectConfigurationPlatforms) = postSolution
		{6EEDF770-D05C-441E-A523-7C97F620B9BB}.Debug|Any CPU.ActiveCfg = Debug|Any CPU
		{6EEDF770-D05C-441E-A523-7C97F620B9BB}.Debug|Any CPU.Build.0 = Debug|Any CPU
		{6EEDF770-D05C-441E-A523-7C97F620B9BB}.Debug|Mixed Platforms.ActiveCfg = Debug|Any CPU
		{6EEDF770-D05C-441E-A523-7C97F620B9BB}.Debug|Mixed Platforms.Build.0 = Debug|Any CPU
		{6EEDF770-D05C-441E-A523-7C97F620B9BB}.Debug|x86.ActiveCfg = Debug|x86
		{6EEDF770-D05C-441E-A523-7C97F620B9BB}.Debug|x86.Build.0 = Debug|x86
		{6EEDF770-D05C-441E-A523-7C97F620B9BB}.Release|Any CPU.ActiveCfg = Release|Any CPU
		{6EEDF770-D05C-441E-A523-7C97F620B9BB}.Release|Any CPU.Build.0 = Release|Any CPU
		{6EEDF770-D05C-441E-A523-7C97F620B9BB}.Release|Mixed Platforms.ActiveCfg = Release|Any CPU
		{6EEDF770-D05C-441E-A523-7C97F620B9BB}.Release|Mixed Platforms.Build.0 = Release|Any CPU
		{6EEDF770-D05C-441E-A523-7C97F620B9BB}.Release|x86.ActiveCfg = Release|x86
		{6EEDF770-D05C-441E-A523-7C97F620B9BB}.Release|x86.Build.0 = Release|x86
		{70315167-2BF1-4C7B-9184-728CAABF30D7}.Debug|Any CPU.ActiveCfg = Debug|Any CPU
		{70315167-2BF1-4C7B-9184-728CAABF30D7}.Debug|Any CPU.Build.0 = Debug|Any CPU
		{70315167-2BF1-4C7B-9184-728CAABF30D7}.Debug|Mixed Platforms.ActiveCfg = Debug|Any CPU
		{70315167-2BF1-4C7B-9184-728CAABF30D7}.Debug|Mixed Platforms.Build.0 = Debug|Any CPU
		{70315167-2BF1-4C7B-9184-728CAABF30D7}.Debug|x86.ActiveCfg = Debug|Any CPU
		{70315167-2BF1-4C7B-9184-728CAABF30D7}.Debug|x86.Build.0 = Debug|Any CPU
		{70315167-2BF1-4C7B-9184-728CAABF30D7}.Release|Any CPU.ActiveCfg = Release|Any CPU
		{70315167-2BF1-4C7B-9184-728CAABF30D7}.Release|Any CPU.Build.0 = Release|Any CPU
		{70315167-2BF1-4C7B-9184-728CAABF30D7}.Release|Mixed Platforms.ActiveCfg = Release|Any CPU
		{70315167-2BF1-4C7B-9184-728CAABF30D7}.Release|Mixed Platforms.Build.0 = Release|Any CPU
		{70315167-2BF1-4C7B-9184-728CAABF30D7}.Release|x86.ActiveCfg = Release|Any CPU
		{7BC68E61-C64C-488C-975F-1E2248383B80}.Debug|Any CPU.ActiveCfg = Debug|Any CPU
		{7BC68E61-C64C-488C-975F-1E2248383B80}.Debug|Any CPU.Build.0 = Debug|Any CPU
		{7BC68E61-C64C-488C-975F-1E2248383B80}.Debug|Mixed Platforms.ActiveCfg = Debug|Any CPU
		{7BC68E61-C64C-488C-975F-1E2248383B80}.Debug|Mixed Platforms.Build.0 = Debug|Any CPU
		{7BC68E61-C64C-488C-975F-1E2248383B80}.Debug|x86.ActiveCfg = Debug|x86
		{7BC68E61-C64C-488C-975F-1E2248383B80}.Debug|x86.Build.0 = Debug|x86
		{7BC68E61-C64C-488C-975F-1E2248383B80}.Release|Any CPU.ActiveCfg = Release|Any CPU
		{7BC68E61-C64C-488C-975F-1E2248383B80}.Release|Any CPU.Build.0 = Release|Any CPU
		{7BC68E61-C64C-488C-975F-1E2248383B80}.Release|Mixed Platforms.ActiveCfg = Release|Any CPU
		{7BC68E61-C64C-488C-975F-1E2248383B80}.Release|Mixed Platforms.Build.0 = Release|Any CPU
		{7BC68E61-C64C-488C-975F-1E2248383B80}.Release|x86.ActiveCfg = Release|x86
		{7BC68E61-C64C-488C-975F-1E2248383B80}.Release|x86.Build.0 = Release|x86
		{C847C0EA-38EC-49B8-AF07-12B65CA9C708}.Debug|Any CPU.ActiveCfg = Debug|Any CPU
		{C847C0EA-38EC-49B8-AF07-12B65CA9C708}.Debug|Any CPU.Build.0 = Debug|Any CPU
		{C847C0EA-38EC-49B8-AF07-12B65CA9C708}.Debug|Mixed Platforms.ActiveCfg = Debug|Any CPU
		{C847C0EA-38EC-49B8-AF07-12B65CA9C708}.Debug|Mixed Platforms.Build.0 = Debug|Any CPU
		{C847C0EA-38EC-49B8-AF07-12B65CA9C708}.Debug|x86.ActiveCfg = Debug|Any CPU
		{C847C0EA-38EC-49B8-AF07-12B65CA9C708}.Release|Any CPU.ActiveCfg = Release|Any CPU
		{C847C0EA-38EC-49B8-AF07-12B65CA9C708}.Release|Any CPU.Build.0 = Release|Any CPU
		{C847C0EA-38EC-49B8-AF07-12B65CA9C708}.Release|Mixed Platforms.ActiveCfg = Release|Any CPU
		{C847C0EA-38EC-49B8-AF07-12B65CA9C708}.Release|Mixed Platforms.Build.0 = Release|Any CPU
		{C847C0EA-38EC-49B8-AF07-12B65CA9C708}.Release|x86.ActiveCfg = Release|Any CPU
		{DFFD61EA-2A22-48D7-A5F7-17554AB10BCE}.Debug|Any CPU.ActiveCfg = Debug|x86
		{DFFD61EA-2A22-48D7-A5F7-17554AB10BCE}.Debug|Any CPU.Build.0 = Debug|x86
		{DFFD61EA-2A22-48D7-A5F7-17554AB10BCE}.Debug|Mixed Platforms.ActiveCfg = Debug|x86
		{DFFD61EA-2A22-48D7-A5F7-17554AB10BCE}.Debug|Mixed Platforms.Build.0 = Debug|x86
		{DFFD61EA-2A22-48D7-A5F7-17554AB10BCE}.Debug|x86.ActiveCfg = Debug|x86
		{DFFD61EA-2A22-48D7-A5F7-17554AB10BCE}.Debug|x86.Build.0 = Debug|x86
		{DFFD61EA-2A22-48D7-A5F7-17554AB10BCE}.Release|Any CPU.ActiveCfg = Release|x86
		{DFFD61EA-2A22-48D7-A5F7-17554AB10BCE}.Release|Mixed Platforms.ActiveCfg = Release|x86
		{DFFD61EA-2A22-48D7-A5F7-17554AB10BCE}.Release|Mixed Platforms.Build.0 = Release|x86
		{DFFD61EA-2A22-48D7-A5F7-17554AB10BCE}.Release|x86.ActiveCfg = Release|x86
		{DFFD61EA-2A22-48D7-A5F7-17554AB10BCE}.Release|x86.Build.0 = Release|x86
		{F1653F20-D47D-4F29-8C55-3C835542AF5F}.Debug|Any CPU.ActiveCfg = Debug|Any CPU
		{F1653F20-D47D-4F29-8C55-3C835542AF5F}.Debug|Any CPU.Build.0 = Debug|Any CPU
		{F1653F20-D47D-4F29-8C55-3C835542AF5F}.Debug|Mixed Platforms.ActiveCfg = Debug|Any CPU
		{F1653F20-D47D-4F29-8C55-3C835542AF5F}.Debug|Mixed Platforms.Build.0 = Debug|Any CPU
		{F1653F20-D47D-4F29-8C55-3C835542AF5F}.Debug|x86.ActiveCfg = Debug|x86
		{F1653F20-D47D-4F29-8C55-3C835542AF5F}.Debug|x86.Build.0 = Debug|x86
		{F1653F20-D47D-4F29-8C55-3C835542AF5F}.Release|Any CPU.ActiveCfg = Release|Any CPU
		{F1653F20-D47D-4F29-8C55-3C835542AF5F}.Release|Any CPU.Build.0 = Release|Any CPU
		{F1653F20-D47D-4F29-8C55-3C835542AF5F}.Release|Mixed Platforms.ActiveCfg = Release|Any CPU
		{F1653F20-D47D-4F29-8C55-3C835542AF5F}.Release|Mixed Platforms.Build.0 = Release|Any CPU
		{F1653F20-D47D-4F29-8C55-3C835542AF5F}.Release|x86.ActiveCfg = Release|x86
		{F1653F20-D47D-4F29-8C55-3C835542AF5F}.Release|x86.Build.0 = Release|x86
	EndGlobalSection
	GlobalSection(SolutionProperties) = preSolution
		HideSolutionNode = FALSE
	EndGlobalSection
EndGlobal
