
Microsoft Visual Studio Solution File, Format Version 12.00
# Visual Studio 2013
VisualStudioVersion = 12.0.31101.0
MinimumVisualStudioVersion = 10.0.40219.1
Project("{FAE04EC0-301F-11D3-BF4B-00C04F79EFBC}") = "BruTile.MbTiles", "BruTile.MbTiles\BruTile.MbTiles.csproj", "{C847C0EA-38EC-49B8-AF07-12B65CA9C708}"
EndProject
Project("{2150E333-8FDC-42A3-9474-1A3956D46DE8}") = "Solution Items", "Solution Items", "{3C2B3A0E-FCC9-4ACC-88D0-D8A540C4E249}"
	ProjectSection(SolutionItems) = preProject
		Scripts\BruTile.Desktop.nuspec = Scripts\BruTile.Desktop.nuspec
		Scripts\BruTile.nuspec = Scripts\BruTile.nuspec
		Scripts\build.proj = Scripts\build.proj
		Scripts\buildpack.bat = Scripts\buildpack.bat
		Scripts\buildpackpush.bat = Scripts\buildpackpush.bat
		README.md = README.md
		Scripts\readme.txt = Scripts\readme.txt
		SharedAssemblyVersion.cs = SharedAssemblyVersion.cs
	EndProjectSection
EndProject
Project("{FAE04EC0-301F-11D3-BF4B-00C04F79EFBC}") = "BruTile.Desktop", "BruTile.Desktop\BruTile.Desktop.csproj", "{2F6D9E1C-2001-40C8-89BA-FDF8597BB719}"
EndProject
Project("{FAE04EC0-301F-11D3-BF4B-00C04F79EFBC}") = "BruTile", "BruTile\BruTile.csproj", "{9FB60E2D-C682-4A01-9584-8B495B8DA85A}"
EndProject
Project("{2150E333-8FDC-42A3-9474-1A3956D46DE8}") = "Samples", "Samples", "{136D7621-C2BA-419F-AF8E-07BF1D2BCE1F}"
EndProject
Project("{FAE04EC0-301F-11D3-BF4B-00C04F79EFBC}") = "BruTile.Demo", "Samples\BruTile.Demo\BruTile.Demo.csproj", "{57766550-A465-4797-80B7-9D7746D2DCF3}"
EndProject
Project("{FAE04EC0-301F-11D3-BF4B-00C04F79EFBC}") = "BruTile.Serialization", "BruTile.Serialization\BruTile.Serialization.csproj", "{8D357BE0-AB5A-4B62-891C-FC76CB35DB99}"
EndProject
Project("{FAE04EC0-301F-11D3-BF4B-00C04F79EFBC}") = "BruTile.Samples.Common", "Samples\BruTile.Samples.Common\BruTile.Samples.Common.csproj", "{24A0D64A-F894-4EB4-8CB7-8F6081BFE324}"
EndProject
Project("{FAE04EC0-301F-11D3-BF4B-00C04F79EFBC}") = "BruTile.Samples.SimpleStaticMap", "Samples\BruTile.Samples.SimpleStaticMap\BruTile.Samples.SimpleStaticMap.csproj", "{11C2C7B4-3A50-4984-9466-478526091EE2}"
EndProject
Project("{2150E333-8FDC-42A3-9474-1A3956D46DE8}") = "Tests", "Tests", "{3B8883BB-764B-40AA-B7BD-A30F4C9D5808}"
EndProject
Project("{FAE04EC0-301F-11D3-BF4B-00C04F79EFBC}") = "BruTile.Tests", "Tests\BruTile.Tests\BruTile.Tests.csproj", "{DFFD61EA-2A22-48D7-A5F7-17554AB10BCE}"
EndProject
Project("{FAE04EC0-301F-11D3-BF4B-00C04F79EFBC}") = "BruTile.Desktop.Tests", "Tests\BruTile.Desktop.Tests\BruTile.Desktop.Tests.csproj", "{C2F848EF-E0AE-4A0C-909B-C9C10AFB2CEC}"
EndProject
Project("{FAE04EC0-301F-11D3-BF4B-00C04F79EFBC}") = "BruTile.Serialization.Tests", "Tests\BruTile.Serialization.Tests\BruTile.Serialization.Tests.csproj", "{708DCCE8-A25A-44E0-80FB-61FD4451FF5D}"
EndProject
Project("{FAE04EC0-301F-11D3-BF4B-00C04F79EFBC}") = "BruTile.Samples.MbTiles", "Samples\BruTile.Samples.MbTiles\BruTile.Samples.MbTiles.csproj", "{F450520B-00BE-4FA0-9B40-8AAD5A74F321}"
EndProject
Project("{FAE04EC0-301F-11D3-BF4B-00C04F79EFBC}") = "BruTile.MbTiles.Pcl", "BruTile.MbTiles.Pcl\BruTile.MbTiles.Pcl.csproj", "{8F0D52B5-70B3-4469-BBAF-80908B223CF6}"
EndProject
Project("{FAE04EC0-301F-11D3-BF4B-00C04F79EFBC}") = "BruTile.MbTiles.Tests", "Tests\BruTile.MbTiles.Tests\BruTile.MbTiles.Tests.csproj", "{2DC1700A-F83F-44D9-A2AC-EA2DCF4E747F}"
EndProject
Project("{FAE04EC0-301F-11D3-BF4B-00C04F79EFBC}") = "BruTile.Samples.Console", "Samples\BruTile.Samples.Console\BruTile.Samples.Console.csproj", "{ADE23B05-8CCE-4EAD-BCA6-0A469F60B29B}"
EndProject
Project("{2150E333-8FDC-42A3-9474-1A3956D46DE8}") = "Performance", "Performance", "{E8E1A22E-2F90-42E1-A8B6-BAB783881FD3}"
EndProject
Project("{FAE04EC0-301F-11D3-BF4B-00C04F79EFBC}") = "BruTile.Desktop.Tests", "Performance\BruTile.Desktop.Tests\BruTile.Desktop.Tests.csproj", "{7114313B-7563-4D86-B052-5E5667D7E17C}"
EndProject
Global
	GlobalSection(SolutionConfigurationPlatforms) = preSolution
		Debug Portable|Any CPU = Debug Portable|Any CPU
		Debug Portable|ARM = Debug Portable|ARM
		Debug Portable|Mixed Platforms = Debug Portable|Mixed Platforms
		Debug Portable|x64 = Debug Portable|x64
		Debug Portable|x86 = Debug Portable|x86
		Debug|Any CPU = Debug|Any CPU
		Debug|ARM = Debug|ARM
		Debug|Mixed Platforms = Debug|Mixed Platforms
		Debug|x64 = Debug|x64
		Debug|x86 = Debug|x86
		Release Portable|Any CPU = Release Portable|Any CPU
		Release Portable|ARM = Release Portable|ARM
		Release Portable|Mixed Platforms = Release Portable|Mixed Platforms
		Release Portable|x64 = Release Portable|x64
		Release Portable|x86 = Release Portable|x86
		Release|Any CPU = Release|Any CPU
		Release|ARM = Release|ARM
		Release|Mixed Platforms = Release|Mixed Platforms
		Release|x64 = Release|x64
		Release|x86 = Release|x86
	EndGlobalSection
	GlobalSection(ProjectConfigurationPlatforms) = postSolution
		{C847C0EA-38EC-49B8-AF07-12B65CA9C708}.Debug Portable|Any CPU.ActiveCfg = Debug|Any CPU
		{C847C0EA-38EC-49B8-AF07-12B65CA9C708}.Debug Portable|Any CPU.Build.0 = Debug|Any CPU
		{C847C0EA-38EC-49B8-AF07-12B65CA9C708}.Debug Portable|ARM.ActiveCfg = Debug|Any CPU
		{C847C0EA-38EC-49B8-AF07-12B65CA9C708}.Debug Portable|Mixed Platforms.ActiveCfg = Debug|Any CPU
		{C847C0EA-38EC-49B8-AF07-12B65CA9C708}.Debug Portable|Mixed Platforms.Build.0 = Debug|Any CPU
		{C847C0EA-38EC-49B8-AF07-12B65CA9C708}.Debug Portable|x64.ActiveCfg = Debug|Any CPU
		{C847C0EA-38EC-49B8-AF07-12B65CA9C708}.Debug Portable|x86.ActiveCfg = Debug|Any CPU
		{C847C0EA-38EC-49B8-AF07-12B65CA9C708}.Debug|Any CPU.ActiveCfg = Debug|Any CPU
		{C847C0EA-38EC-49B8-AF07-12B65CA9C708}.Debug|Any CPU.Build.0 = Debug|Any CPU
		{C847C0EA-38EC-49B8-AF07-12B65CA9C708}.Debug|ARM.ActiveCfg = Debug|Any CPU
		{C847C0EA-38EC-49B8-AF07-12B65CA9C708}.Debug|Mixed Platforms.ActiveCfg = Debug|Any CPU
		{C847C0EA-38EC-49B8-AF07-12B65CA9C708}.Debug|Mixed Platforms.Build.0 = Debug|Any CPU
		{C847C0EA-38EC-49B8-AF07-12B65CA9C708}.Debug|x64.ActiveCfg = Debug|Any CPU
		{C847C0EA-38EC-49B8-AF07-12B65CA9C708}.Debug|x86.ActiveCfg = Debug|Any CPU
		{C847C0EA-38EC-49B8-AF07-12B65CA9C708}.Release Portable|Any CPU.ActiveCfg = Release|Any CPU
		{C847C0EA-38EC-49B8-AF07-12B65CA9C708}.Release Portable|Any CPU.Build.0 = Release|Any CPU
		{C847C0EA-38EC-49B8-AF07-12B65CA9C708}.Release Portable|ARM.ActiveCfg = Release|Any CPU
		{C847C0EA-38EC-49B8-AF07-12B65CA9C708}.Release Portable|Mixed Platforms.ActiveCfg = Release|Any CPU
		{C847C0EA-38EC-49B8-AF07-12B65CA9C708}.Release Portable|Mixed Platforms.Build.0 = Release|Any CPU
		{C847C0EA-38EC-49B8-AF07-12B65CA9C708}.Release Portable|x64.ActiveCfg = Release|Any CPU
		{C847C0EA-38EC-49B8-AF07-12B65CA9C708}.Release Portable|x86.ActiveCfg = Release|Any CPU
		{C847C0EA-38EC-49B8-AF07-12B65CA9C708}.Release|Any CPU.ActiveCfg = Release|Any CPU
		{C847C0EA-38EC-49B8-AF07-12B65CA9C708}.Release|Any CPU.Build.0 = Release|Any CPU
		{C847C0EA-38EC-49B8-AF07-12B65CA9C708}.Release|ARM.ActiveCfg = Release|Any CPU
		{C847C0EA-38EC-49B8-AF07-12B65CA9C708}.Release|Mixed Platforms.ActiveCfg = Release|Any CPU
		{C847C0EA-38EC-49B8-AF07-12B65CA9C708}.Release|Mixed Platforms.Build.0 = Release|Any CPU
		{C847C0EA-38EC-49B8-AF07-12B65CA9C708}.Release|x64.ActiveCfg = Release|Any CPU
		{C847C0EA-38EC-49B8-AF07-12B65CA9C708}.Release|x86.ActiveCfg = Release|Any CPU
		{2F6D9E1C-2001-40C8-89BA-FDF8597BB719}.Debug Portable|Any CPU.ActiveCfg = Debug|Any CPU
		{2F6D9E1C-2001-40C8-89BA-FDF8597BB719}.Debug Portable|Any CPU.Build.0 = Debug|Any CPU
		{2F6D9E1C-2001-40C8-89BA-FDF8597BB719}.Debug Portable|ARM.ActiveCfg = Debug|Any CPU
		{2F6D9E1C-2001-40C8-89BA-FDF8597BB719}.Debug Portable|Mixed Platforms.ActiveCfg = Debug|Any CPU
		{2F6D9E1C-2001-40C8-89BA-FDF8597BB719}.Debug Portable|Mixed Platforms.Build.0 = Debug|Any CPU
		{2F6D9E1C-2001-40C8-89BA-FDF8597BB719}.Debug Portable|x64.ActiveCfg = Debug|Any CPU
		{2F6D9E1C-2001-40C8-89BA-FDF8597BB719}.Debug Portable|x86.ActiveCfg = Debug|Any CPU
		{2F6D9E1C-2001-40C8-89BA-FDF8597BB719}.Debug|Any CPU.ActiveCfg = Debug|Any CPU
		{2F6D9E1C-2001-40C8-89BA-FDF8597BB719}.Debug|Any CPU.Build.0 = Debug|Any CPU
		{2F6D9E1C-2001-40C8-89BA-FDF8597BB719}.Debug|ARM.ActiveCfg = Debug|Any CPU
		{2F6D9E1C-2001-40C8-89BA-FDF8597BB719}.Debug|Mixed Platforms.ActiveCfg = Debug|Any CPU
		{2F6D9E1C-2001-40C8-89BA-FDF8597BB719}.Debug|Mixed Platforms.Build.0 = Debug|Any CPU
		{2F6D9E1C-2001-40C8-89BA-FDF8597BB719}.Debug|x64.ActiveCfg = Debug|Any CPU
		{2F6D9E1C-2001-40C8-89BA-FDF8597BB719}.Debug|x86.ActiveCfg = Debug|Any CPU
		{2F6D9E1C-2001-40C8-89BA-FDF8597BB719}.Release Portable|Any CPU.ActiveCfg = Release|Any CPU
		{2F6D9E1C-2001-40C8-89BA-FDF8597BB719}.Release Portable|Any CPU.Build.0 = Release|Any CPU
		{2F6D9E1C-2001-40C8-89BA-FDF8597BB719}.Release Portable|ARM.ActiveCfg = Release|Any CPU
		{2F6D9E1C-2001-40C8-89BA-FDF8597BB719}.Release Portable|Mixed Platforms.ActiveCfg = Release|Any CPU
		{2F6D9E1C-2001-40C8-89BA-FDF8597BB719}.Release Portable|Mixed Platforms.Build.0 = Release|Any CPU
		{2F6D9E1C-2001-40C8-89BA-FDF8597BB719}.Release Portable|x64.ActiveCfg = Release|Any CPU
		{2F6D9E1C-2001-40C8-89BA-FDF8597BB719}.Release Portable|x86.ActiveCfg = Release|Any CPU
		{2F6D9E1C-2001-40C8-89BA-FDF8597BB719}.Release|Any CPU.ActiveCfg = Release|Any CPU
		{2F6D9E1C-2001-40C8-89BA-FDF8597BB719}.Release|Any CPU.Build.0 = Release|Any CPU
		{2F6D9E1C-2001-40C8-89BA-FDF8597BB719}.Release|ARM.ActiveCfg = Release|Any CPU
		{2F6D9E1C-2001-40C8-89BA-FDF8597BB719}.Release|Mixed Platforms.ActiveCfg = Release|Any CPU
		{2F6D9E1C-2001-40C8-89BA-FDF8597BB719}.Release|Mixed Platforms.Build.0 = Release|Any CPU
		{2F6D9E1C-2001-40C8-89BA-FDF8597BB719}.Release|x64.ActiveCfg = Release|Any CPU
		{2F6D9E1C-2001-40C8-89BA-FDF8597BB719}.Release|x86.ActiveCfg = Release|Any CPU
		{9FB60E2D-C682-4A01-9584-8B495B8DA85A}.Debug Portable|Any CPU.ActiveCfg = Debug Portable|Any CPU
		{9FB60E2D-C682-4A01-9584-8B495B8DA85A}.Debug Portable|Any CPU.Build.0 = Debug Portable|Any CPU
		{9FB60E2D-C682-4A01-9584-8B495B8DA85A}.Debug Portable|ARM.ActiveCfg = Debug Portable|Any CPU
		{9FB60E2D-C682-4A01-9584-8B495B8DA85A}.Debug Portable|Mixed Platforms.ActiveCfg = Debug Portable|Any CPU
		{9FB60E2D-C682-4A01-9584-8B495B8DA85A}.Debug Portable|Mixed Platforms.Build.0 = Debug Portable|Any CPU
		{9FB60E2D-C682-4A01-9584-8B495B8DA85A}.Debug Portable|x64.ActiveCfg = Debug Portable|Any CPU
		{9FB60E2D-C682-4A01-9584-8B495B8DA85A}.Debug Portable|x86.ActiveCfg = Debug Portable|Any CPU
		{9FB60E2D-C682-4A01-9584-8B495B8DA85A}.Debug|Any CPU.ActiveCfg = Debug|Any CPU
		{9FB60E2D-C682-4A01-9584-8B495B8DA85A}.Debug|Any CPU.Build.0 = Debug|Any CPU
		{9FB60E2D-C682-4A01-9584-8B495B8DA85A}.Debug|ARM.ActiveCfg = Debug|Any CPU
		{9FB60E2D-C682-4A01-9584-8B495B8DA85A}.Debug|Mixed Platforms.ActiveCfg = Debug|Any CPU
		{9FB60E2D-C682-4A01-9584-8B495B8DA85A}.Debug|Mixed Platforms.Build.0 = Debug|Any CPU
		{9FB60E2D-C682-4A01-9584-8B495B8DA85A}.Debug|x64.ActiveCfg = Debug|Any CPU
		{9FB60E2D-C682-4A01-9584-8B495B8DA85A}.Debug|x86.ActiveCfg = Debug|Any CPU
		{9FB60E2D-C682-4A01-9584-8B495B8DA85A}.Release Portable|Any CPU.ActiveCfg = Release Portable|Any CPU
		{9FB60E2D-C682-4A01-9584-8B495B8DA85A}.Release Portable|Any CPU.Build.0 = Release Portable|Any CPU
		{9FB60E2D-C682-4A01-9584-8B495B8DA85A}.Release Portable|ARM.ActiveCfg = Release Portable|Any CPU
		{9FB60E2D-C682-4A01-9584-8B495B8DA85A}.Release Portable|Mixed Platforms.ActiveCfg = Release Portable|Any CPU
		{9FB60E2D-C682-4A01-9584-8B495B8DA85A}.Release Portable|Mixed Platforms.Build.0 = Release Portable|Any CPU
		{9FB60E2D-C682-4A01-9584-8B495B8DA85A}.Release Portable|x64.ActiveCfg = Release Portable|Any CPU
		{9FB60E2D-C682-4A01-9584-8B495B8DA85A}.Release Portable|x86.ActiveCfg = Release Portable|Any CPU
		{9FB60E2D-C682-4A01-9584-8B495B8DA85A}.Release|Any CPU.ActiveCfg = Release|Any CPU
		{9FB60E2D-C682-4A01-9584-8B495B8DA85A}.Release|Any CPU.Build.0 = Release|Any CPU
		{9FB60E2D-C682-4A01-9584-8B495B8DA85A}.Release|ARM.ActiveCfg = Release|Any CPU
		{9FB60E2D-C682-4A01-9584-8B495B8DA85A}.Release|Mixed Platforms.ActiveCfg = Release|Any CPU
		{9FB60E2D-C682-4A01-9584-8B495B8DA85A}.Release|Mixed Platforms.Build.0 = Release|Any CPU
		{9FB60E2D-C682-4A01-9584-8B495B8DA85A}.Release|x64.ActiveCfg = Release|Any CPU
		{9FB60E2D-C682-4A01-9584-8B495B8DA85A}.Release|x86.ActiveCfg = Release|Any CPU
		{57766550-A465-4797-80B7-9D7746D2DCF3}.Debug Portable|Any CPU.ActiveCfg = Debug|Any CPU
		{57766550-A465-4797-80B7-9D7746D2DCF3}.Debug Portable|Any CPU.Build.0 = Debug|Any CPU
		{57766550-A465-4797-80B7-9D7746D2DCF3}.Debug Portable|ARM.ActiveCfg = Debug|Any CPU
		{57766550-A465-4797-80B7-9D7746D2DCF3}.Debug Portable|Mixed Platforms.ActiveCfg = Debug|Any CPU
		{57766550-A465-4797-80B7-9D7746D2DCF3}.Debug Portable|Mixed Platforms.Build.0 = Debug|Any CPU
		{57766550-A465-4797-80B7-9D7746D2DCF3}.Debug Portable|x64.ActiveCfg = Debug|Any CPU
		{57766550-A465-4797-80B7-9D7746D2DCF3}.Debug Portable|x86.ActiveCfg = Debug|Any CPU
		{57766550-A465-4797-80B7-9D7746D2DCF3}.Debug|Any CPU.ActiveCfg = Debug|Any CPU
		{57766550-A465-4797-80B7-9D7746D2DCF3}.Debug|Any CPU.Build.0 = Debug|Any CPU
		{57766550-A465-4797-80B7-9D7746D2DCF3}.Debug|ARM.ActiveCfg = Debug|Any CPU
		{57766550-A465-4797-80B7-9D7746D2DCF3}.Debug|Mixed Platforms.ActiveCfg = Debug|Any CPU
		{57766550-A465-4797-80B7-9D7746D2DCF3}.Debug|Mixed Platforms.Build.0 = Debug|Any CPU
		{57766550-A465-4797-80B7-9D7746D2DCF3}.Debug|x64.ActiveCfg = Debug|Any CPU
		{57766550-A465-4797-80B7-9D7746D2DCF3}.Debug|x86.ActiveCfg = Debug|Any CPU
		{57766550-A465-4797-80B7-9D7746D2DCF3}.Release Portable|Any CPU.ActiveCfg = Release|Any CPU
		{57766550-A465-4797-80B7-9D7746D2DCF3}.Release Portable|Any CPU.Build.0 = Release|Any CPU
		{57766550-A465-4797-80B7-9D7746D2DCF3}.Release Portable|ARM.ActiveCfg = Release|Any CPU
		{57766550-A465-4797-80B7-9D7746D2DCF3}.Release Portable|Mixed Platforms.ActiveCfg = Release|Any CPU
		{57766550-A465-4797-80B7-9D7746D2DCF3}.Release Portable|Mixed Platforms.Build.0 = Release|Any CPU
		{57766550-A465-4797-80B7-9D7746D2DCF3}.Release Portable|x64.ActiveCfg = Release|Any CPU
		{57766550-A465-4797-80B7-9D7746D2DCF3}.Release Portable|x86.ActiveCfg = Release|Any CPU
		{57766550-A465-4797-80B7-9D7746D2DCF3}.Release|Any CPU.ActiveCfg = Release|Any CPU
		{57766550-A465-4797-80B7-9D7746D2DCF3}.Release|Any CPU.Build.0 = Release|Any CPU
		{57766550-A465-4797-80B7-9D7746D2DCF3}.Release|ARM.ActiveCfg = Release|Any CPU
		{57766550-A465-4797-80B7-9D7746D2DCF3}.Release|Mixed Platforms.ActiveCfg = Release|Any CPU
		{57766550-A465-4797-80B7-9D7746D2DCF3}.Release|Mixed Platforms.Build.0 = Release|Any CPU
		{57766550-A465-4797-80B7-9D7746D2DCF3}.Release|x64.ActiveCfg = Release|Any CPU
		{57766550-A465-4797-80B7-9D7746D2DCF3}.Release|x86.ActiveCfg = Release|Any CPU
		{8D357BE0-AB5A-4B62-891C-FC76CB35DB99}.Debug Portable|Any CPU.ActiveCfg = Debug|Any CPU
		{8D357BE0-AB5A-4B62-891C-FC76CB35DB99}.Debug Portable|Any CPU.Build.0 = Debug|Any CPU
		{8D357BE0-AB5A-4B62-891C-FC76CB35DB99}.Debug Portable|ARM.ActiveCfg = Debug|Any CPU
		{8D357BE0-AB5A-4B62-891C-FC76CB35DB99}.Debug Portable|Mixed Platforms.ActiveCfg = Debug|Any CPU
		{8D357BE0-AB5A-4B62-891C-FC76CB35DB99}.Debug Portable|Mixed Platforms.Build.0 = Debug|Any CPU
		{8D357BE0-AB5A-4B62-891C-FC76CB35DB99}.Debug Portable|x64.ActiveCfg = Debug|Any CPU
		{8D357BE0-AB5A-4B62-891C-FC76CB35DB99}.Debug Portable|x86.ActiveCfg = Debug|Any CPU
		{8D357BE0-AB5A-4B62-891C-FC76CB35DB99}.Debug|Any CPU.ActiveCfg = Debug|Any CPU
		{8D357BE0-AB5A-4B62-891C-FC76CB35DB99}.Debug|Any CPU.Build.0 = Debug|Any CPU
		{8D357BE0-AB5A-4B62-891C-FC76CB35DB99}.Debug|ARM.ActiveCfg = Debug|Any CPU
		{8D357BE0-AB5A-4B62-891C-FC76CB35DB99}.Debug|Mixed Platforms.ActiveCfg = Debug|Any CPU
		{8D357BE0-AB5A-4B62-891C-FC76CB35DB99}.Debug|Mixed Platforms.Build.0 = Debug|Any CPU
		{8D357BE0-AB5A-4B62-891C-FC76CB35DB99}.Debug|x64.ActiveCfg = Debug|Any CPU
		{8D357BE0-AB5A-4B62-891C-FC76CB35DB99}.Debug|x86.ActiveCfg = Debug|Any CPU
		{8D357BE0-AB5A-4B62-891C-FC76CB35DB99}.Release Portable|Any CPU.ActiveCfg = Release|Any CPU
		{8D357BE0-AB5A-4B62-891C-FC76CB35DB99}.Release Portable|Any CPU.Build.0 = Release|Any CPU
		{8D357BE0-AB5A-4B62-891C-FC76CB35DB99}.Release Portable|ARM.ActiveCfg = Release|Any CPU
		{8D357BE0-AB5A-4B62-891C-FC76CB35DB99}.Release Portable|Mixed Platforms.ActiveCfg = Release|Any CPU
		{8D357BE0-AB5A-4B62-891C-FC76CB35DB99}.Release Portable|Mixed Platforms.Build.0 = Release|Any CPU
		{8D357BE0-AB5A-4B62-891C-FC76CB35DB99}.Release Portable|x64.ActiveCfg = Release|Any CPU
		{8D357BE0-AB5A-4B62-891C-FC76CB35DB99}.Release Portable|x86.ActiveCfg = Release|Any CPU
		{8D357BE0-AB5A-4B62-891C-FC76CB35DB99}.Release|Any CPU.ActiveCfg = Release|Any CPU
		{8D357BE0-AB5A-4B62-891C-FC76CB35DB99}.Release|Any CPU.Build.0 = Release|Any CPU
		{8D357BE0-AB5A-4B62-891C-FC76CB35DB99}.Release|ARM.ActiveCfg = Release|Any CPU
		{8D357BE0-AB5A-4B62-891C-FC76CB35DB99}.Release|Mixed Platforms.ActiveCfg = Release|Any CPU
		{8D357BE0-AB5A-4B62-891C-FC76CB35DB99}.Release|Mixed Platforms.Build.0 = Release|Any CPU
		{8D357BE0-AB5A-4B62-891C-FC76CB35DB99}.Release|x64.ActiveCfg = Release|Any CPU
		{8D357BE0-AB5A-4B62-891C-FC76CB35DB99}.Release|x86.ActiveCfg = Release|Any CPU
		{24A0D64A-F894-4EB4-8CB7-8F6081BFE324}.Debug Portable|Any CPU.ActiveCfg = Debug|Any CPU
		{24A0D64A-F894-4EB4-8CB7-8F6081BFE324}.Debug Portable|Any CPU.Build.0 = Debug|Any CPU
		{24A0D64A-F894-4EB4-8CB7-8F6081BFE324}.Debug Portable|ARM.ActiveCfg = Debug|Any CPU
		{24A0D64A-F894-4EB4-8CB7-8F6081BFE324}.Debug Portable|Mixed Platforms.ActiveCfg = Debug|Any CPU
		{24A0D64A-F894-4EB4-8CB7-8F6081BFE324}.Debug Portable|Mixed Platforms.Build.0 = Debug|Any CPU
		{24A0D64A-F894-4EB4-8CB7-8F6081BFE324}.Debug Portable|x64.ActiveCfg = Debug|Any CPU
		{24A0D64A-F894-4EB4-8CB7-8F6081BFE324}.Debug Portable|x86.ActiveCfg = Debug|Any CPU
		{24A0D64A-F894-4EB4-8CB7-8F6081BFE324}.Debug|Any CPU.ActiveCfg = Debug|Any CPU
		{24A0D64A-F894-4EB4-8CB7-8F6081BFE324}.Debug|Any CPU.Build.0 = Debug|Any CPU
		{24A0D64A-F894-4EB4-8CB7-8F6081BFE324}.Debug|ARM.ActiveCfg = Debug|Any CPU
		{24A0D64A-F894-4EB4-8CB7-8F6081BFE324}.Debug|Mixed Platforms.ActiveCfg = Debug|Any CPU
		{24A0D64A-F894-4EB4-8CB7-8F6081BFE324}.Debug|Mixed Platforms.Build.0 = Debug|Any CPU
		{24A0D64A-F894-4EB4-8CB7-8F6081BFE324}.Debug|x64.ActiveCfg = Debug|Any CPU
		{24A0D64A-F894-4EB4-8CB7-8F6081BFE324}.Debug|x86.ActiveCfg = Debug|Any CPU
		{24A0D64A-F894-4EB4-8CB7-8F6081BFE324}.Release Portable|Any CPU.ActiveCfg = Release|Any CPU
		{24A0D64A-F894-4EB4-8CB7-8F6081BFE324}.Release Portable|Any CPU.Build.0 = Release|Any CPU
		{24A0D64A-F894-4EB4-8CB7-8F6081BFE324}.Release Portable|ARM.ActiveCfg = Release|Any CPU
		{24A0D64A-F894-4EB4-8CB7-8F6081BFE324}.Release Portable|Mixed Platforms.ActiveCfg = Release|Any CPU
		{24A0D64A-F894-4EB4-8CB7-8F6081BFE324}.Release Portable|Mixed Platforms.Build.0 = Release|Any CPU
		{24A0D64A-F894-4EB4-8CB7-8F6081BFE324}.Release Portable|x64.ActiveCfg = Release|Any CPU
		{24A0D64A-F894-4EB4-8CB7-8F6081BFE324}.Release Portable|x86.ActiveCfg = Release|Any CPU
		{24A0D64A-F894-4EB4-8CB7-8F6081BFE324}.Release|Any CPU.ActiveCfg = Release|Any CPU
		{24A0D64A-F894-4EB4-8CB7-8F6081BFE324}.Release|Any CPU.Build.0 = Release|Any CPU
		{24A0D64A-F894-4EB4-8CB7-8F6081BFE324}.Release|ARM.ActiveCfg = Release|Any CPU
		{24A0D64A-F894-4EB4-8CB7-8F6081BFE324}.Release|Mixed Platforms.ActiveCfg = Release|Any CPU
		{24A0D64A-F894-4EB4-8CB7-8F6081BFE324}.Release|Mixed Platforms.Build.0 = Release|Any CPU
		{24A0D64A-F894-4EB4-8CB7-8F6081BFE324}.Release|x64.ActiveCfg = Release|Any CPU
		{24A0D64A-F894-4EB4-8CB7-8F6081BFE324}.Release|x86.ActiveCfg = Release|Any CPU
		{11C2C7B4-3A50-4984-9466-478526091EE2}.Debug Portable|Any CPU.ActiveCfg = Debug|Any CPU
		{11C2C7B4-3A50-4984-9466-478526091EE2}.Debug Portable|Any CPU.Build.0 = Debug|Any CPU
		{11C2C7B4-3A50-4984-9466-478526091EE2}.Debug Portable|ARM.ActiveCfg = Debug|Any CPU
		{11C2C7B4-3A50-4984-9466-478526091EE2}.Debug Portable|Mixed Platforms.ActiveCfg = Debug|Any CPU
		{11C2C7B4-3A50-4984-9466-478526091EE2}.Debug Portable|Mixed Platforms.Build.0 = Debug|Any CPU
		{11C2C7B4-3A50-4984-9466-478526091EE2}.Debug Portable|x64.ActiveCfg = Debug|Any CPU
		{11C2C7B4-3A50-4984-9466-478526091EE2}.Debug Portable|x86.ActiveCfg = Debug|Any CPU
		{11C2C7B4-3A50-4984-9466-478526091EE2}.Debug|Any CPU.ActiveCfg = Debug|Any CPU
		{11C2C7B4-3A50-4984-9466-478526091EE2}.Debug|Any CPU.Build.0 = Debug|Any CPU
		{11C2C7B4-3A50-4984-9466-478526091EE2}.Debug|ARM.ActiveCfg = Debug|Any CPU
		{11C2C7B4-3A50-4984-9466-478526091EE2}.Debug|Mixed Platforms.ActiveCfg = Debug|Any CPU
		{11C2C7B4-3A50-4984-9466-478526091EE2}.Debug|Mixed Platforms.Build.0 = Debug|Any CPU
		{11C2C7B4-3A50-4984-9466-478526091EE2}.Debug|x64.ActiveCfg = Debug|Any CPU
		{11C2C7B4-3A50-4984-9466-478526091EE2}.Debug|x86.ActiveCfg = Debug|Any CPU
		{11C2C7B4-3A50-4984-9466-478526091EE2}.Release Portable|Any CPU.ActiveCfg = Release|Any CPU
		{11C2C7B4-3A50-4984-9466-478526091EE2}.Release Portable|Any CPU.Build.0 = Release|Any CPU
		{11C2C7B4-3A50-4984-9466-478526091EE2}.Release Portable|ARM.ActiveCfg = Release|Any CPU
		{11C2C7B4-3A50-4984-9466-478526091EE2}.Release Portable|Mixed Platforms.ActiveCfg = Release|Any CPU
		{11C2C7B4-3A50-4984-9466-478526091EE2}.Release Portable|Mixed Platforms.Build.0 = Release|Any CPU
		{11C2C7B4-3A50-4984-9466-478526091EE2}.Release Portable|x64.ActiveCfg = Release|Any CPU
		{11C2C7B4-3A50-4984-9466-478526091EE2}.Release Portable|x86.ActiveCfg = Release|Any CPU
		{11C2C7B4-3A50-4984-9466-478526091EE2}.Release|Any CPU.ActiveCfg = Release|Any CPU
		{11C2C7B4-3A50-4984-9466-478526091EE2}.Release|Any CPU.Build.0 = Release|Any CPU
		{11C2C7B4-3A50-4984-9466-478526091EE2}.Release|ARM.ActiveCfg = Release|Any CPU
		{11C2C7B4-3A50-4984-9466-478526091EE2}.Release|Mixed Platforms.ActiveCfg = Release|Any CPU
		{11C2C7B4-3A50-4984-9466-478526091EE2}.Release|Mixed Platforms.Build.0 = Release|Any CPU
		{11C2C7B4-3A50-4984-9466-478526091EE2}.Release|x64.ActiveCfg = Release|Any CPU
		{11C2C7B4-3A50-4984-9466-478526091EE2}.Release|x86.ActiveCfg = Release|Any CPU
		{DFFD61EA-2A22-48D7-A5F7-17554AB10BCE}.Debug Portable|Any CPU.ActiveCfg = Debug|Any CPU
		{DFFD61EA-2A22-48D7-A5F7-17554AB10BCE}.Debug Portable|Any CPU.Build.0 = Debug|Any CPU
		{DFFD61EA-2A22-48D7-A5F7-17554AB10BCE}.Debug Portable|ARM.ActiveCfg = Debug|Any CPU
		{DFFD61EA-2A22-48D7-A5F7-17554AB10BCE}.Debug Portable|Mixed Platforms.ActiveCfg = Debug|Any CPU
		{DFFD61EA-2A22-48D7-A5F7-17554AB10BCE}.Debug Portable|Mixed Platforms.Build.0 = Debug|Any CPU
		{DFFD61EA-2A22-48D7-A5F7-17554AB10BCE}.Debug Portable|x64.ActiveCfg = Debug|Any CPU
		{DFFD61EA-2A22-48D7-A5F7-17554AB10BCE}.Debug Portable|x86.ActiveCfg = Debug|Any CPU
		{DFFD61EA-2A22-48D7-A5F7-17554AB10BCE}.Debug|Any CPU.ActiveCfg = Debug|Any CPU
		{DFFD61EA-2A22-48D7-A5F7-17554AB10BCE}.Debug|Any CPU.Build.0 = Debug|Any CPU
		{DFFD61EA-2A22-48D7-A5F7-17554AB10BCE}.Debug|ARM.ActiveCfg = Debug|Any CPU
		{DFFD61EA-2A22-48D7-A5F7-17554AB10BCE}.Debug|Mixed Platforms.ActiveCfg = Debug|Any CPU
		{DFFD61EA-2A22-48D7-A5F7-17554AB10BCE}.Debug|Mixed Platforms.Build.0 = Debug|Any CPU
		{DFFD61EA-2A22-48D7-A5F7-17554AB10BCE}.Debug|x64.ActiveCfg = Debug|Any CPU
		{DFFD61EA-2A22-48D7-A5F7-17554AB10BCE}.Debug|x86.ActiveCfg = Debug|Any CPU
		{DFFD61EA-2A22-48D7-A5F7-17554AB10BCE}.Release Portable|Any CPU.ActiveCfg = Release|Any CPU
		{DFFD61EA-2A22-48D7-A5F7-17554AB10BCE}.Release Portable|Any CPU.Build.0 = Release|Any CPU
		{DFFD61EA-2A22-48D7-A5F7-17554AB10BCE}.Release Portable|ARM.ActiveCfg = Release|Any CPU
		{DFFD61EA-2A22-48D7-A5F7-17554AB10BCE}.Release Portable|Mixed Platforms.ActiveCfg = Release|Any CPU
		{DFFD61EA-2A22-48D7-A5F7-17554AB10BCE}.Release Portable|Mixed Platforms.Build.0 = Release|Any CPU
		{DFFD61EA-2A22-48D7-A5F7-17554AB10BCE}.Release Portable|x64.ActiveCfg = Release|Any CPU
		{DFFD61EA-2A22-48D7-A5F7-17554AB10BCE}.Release Portable|x86.ActiveCfg = Release|Any CPU
		{DFFD61EA-2A22-48D7-A5F7-17554AB10BCE}.Release|Any CPU.ActiveCfg = Release|Any CPU
		{DFFD61EA-2A22-48D7-A5F7-17554AB10BCE}.Release|Any CPU.Build.0 = Release|Any CPU
		{DFFD61EA-2A22-48D7-A5F7-17554AB10BCE}.Release|ARM.ActiveCfg = Release|Any CPU
		{DFFD61EA-2A22-48D7-A5F7-17554AB10BCE}.Release|Mixed Platforms.ActiveCfg = Release|Any CPU
		{DFFD61EA-2A22-48D7-A5F7-17554AB10BCE}.Release|Mixed Platforms.Build.0 = Release|Any CPU
		{DFFD61EA-2A22-48D7-A5F7-17554AB10BCE}.Release|x64.ActiveCfg = Release|Any CPU
		{DFFD61EA-2A22-48D7-A5F7-17554AB10BCE}.Release|x86.ActiveCfg = Release|Any CPU
		{C2F848EF-E0AE-4A0C-909B-C9C10AFB2CEC}.Debug Portable|Any CPU.ActiveCfg = Debug|Any CPU
		{C2F848EF-E0AE-4A0C-909B-C9C10AFB2CEC}.Debug Portable|Any CPU.Build.0 = Debug|Any CPU
		{C2F848EF-E0AE-4A0C-909B-C9C10AFB2CEC}.Debug Portable|ARM.ActiveCfg = Debug|Any CPU
		{C2F848EF-E0AE-4A0C-909B-C9C10AFB2CEC}.Debug Portable|Mixed Platforms.ActiveCfg = Debug|Any CPU
		{C2F848EF-E0AE-4A0C-909B-C9C10AFB2CEC}.Debug Portable|Mixed Platforms.Build.0 = Debug|Any CPU
		{C2F848EF-E0AE-4A0C-909B-C9C10AFB2CEC}.Debug Portable|x64.ActiveCfg = Debug|Any CPU
		{C2F848EF-E0AE-4A0C-909B-C9C10AFB2CEC}.Debug Portable|x86.ActiveCfg = Debug|Any CPU
		{C2F848EF-E0AE-4A0C-909B-C9C10AFB2CEC}.Debug|Any CPU.ActiveCfg = Debug|Any CPU
		{C2F848EF-E0AE-4A0C-909B-C9C10AFB2CEC}.Debug|Any CPU.Build.0 = Debug|Any CPU
		{C2F848EF-E0AE-4A0C-909B-C9C10AFB2CEC}.Debug|ARM.ActiveCfg = Debug|Any CPU
		{C2F848EF-E0AE-4A0C-909B-C9C10AFB2CEC}.Debug|Mixed Platforms.ActiveCfg = Debug|Any CPU
		{C2F848EF-E0AE-4A0C-909B-C9C10AFB2CEC}.Debug|Mixed Platforms.Build.0 = Debug|Any CPU
		{C2F848EF-E0AE-4A0C-909B-C9C10AFB2CEC}.Debug|x64.ActiveCfg = Debug|Any CPU
		{C2F848EF-E0AE-4A0C-909B-C9C10AFB2CEC}.Debug|x86.ActiveCfg = Debug|Any CPU
		{C2F848EF-E0AE-4A0C-909B-C9C10AFB2CEC}.Release Portable|Any CPU.ActiveCfg = Release|Any CPU
		{C2F848EF-E0AE-4A0C-909B-C9C10AFB2CEC}.Release Portable|Any CPU.Build.0 = Release|Any CPU
		{C2F848EF-E0AE-4A0C-909B-C9C10AFB2CEC}.Release Portable|ARM.ActiveCfg = Release|Any CPU
		{C2F848EF-E0AE-4A0C-909B-C9C10AFB2CEC}.Release Portable|Mixed Platforms.ActiveCfg = Release|Any CPU
		{C2F848EF-E0AE-4A0C-909B-C9C10AFB2CEC}.Release Portable|Mixed Platforms.Build.0 = Release|Any CPU
		{C2F848EF-E0AE-4A0C-909B-C9C10AFB2CEC}.Release Portable|x64.ActiveCfg = Release|Any CPU
		{C2F848EF-E0AE-4A0C-909B-C9C10AFB2CEC}.Release Portable|x86.ActiveCfg = Release|Any CPU
		{C2F848EF-E0AE-4A0C-909B-C9C10AFB2CEC}.Release|Any CPU.ActiveCfg = Release|Any CPU
		{C2F848EF-E0AE-4A0C-909B-C9C10AFB2CEC}.Release|Any CPU.Build.0 = Release|Any CPU
		{C2F848EF-E0AE-4A0C-909B-C9C10AFB2CEC}.Release|ARM.ActiveCfg = Release|Any CPU
		{C2F848EF-E0AE-4A0C-909B-C9C10AFB2CEC}.Release|Mixed Platforms.ActiveCfg = Release|Any CPU
		{C2F848EF-E0AE-4A0C-909B-C9C10AFB2CEC}.Release|Mixed Platforms.Build.0 = Release|Any CPU
		{C2F848EF-E0AE-4A0C-909B-C9C10AFB2CEC}.Release|x64.ActiveCfg = Release|Any CPU
		{C2F848EF-E0AE-4A0C-909B-C9C10AFB2CEC}.Release|x86.ActiveCfg = Release|Any CPU
		{708DCCE8-A25A-44E0-80FB-61FD4451FF5D}.Debug Portable|Any CPU.ActiveCfg = Debug|Any CPU
		{708DCCE8-A25A-44E0-80FB-61FD4451FF5D}.Debug Portable|Any CPU.Build.0 = Debug|Any CPU
		{708DCCE8-A25A-44E0-80FB-61FD4451FF5D}.Debug Portable|ARM.ActiveCfg = Debug|Any CPU
		{708DCCE8-A25A-44E0-80FB-61FD4451FF5D}.Debug Portable|Mixed Platforms.ActiveCfg = Debug|Any CPU
		{708DCCE8-A25A-44E0-80FB-61FD4451FF5D}.Debug Portable|Mixed Platforms.Build.0 = Debug|Any CPU
		{708DCCE8-A25A-44E0-80FB-61FD4451FF5D}.Debug Portable|x64.ActiveCfg = Debug|Any CPU
		{708DCCE8-A25A-44E0-80FB-61FD4451FF5D}.Debug Portable|x86.ActiveCfg = Debug|Any CPU
		{708DCCE8-A25A-44E0-80FB-61FD4451FF5D}.Debug|Any CPU.ActiveCfg = Debug|Any CPU
		{708DCCE8-A25A-44E0-80FB-61FD4451FF5D}.Debug|Any CPU.Build.0 = Debug|Any CPU
		{708DCCE8-A25A-44E0-80FB-61FD4451FF5D}.Debug|ARM.ActiveCfg = Debug|Any CPU
		{708DCCE8-A25A-44E0-80FB-61FD4451FF5D}.Debug|Mixed Platforms.ActiveCfg = Debug|Any CPU
		{708DCCE8-A25A-44E0-80FB-61FD4451FF5D}.Debug|Mixed Platforms.Build.0 = Debug|Any CPU
		{708DCCE8-A25A-44E0-80FB-61FD4451FF5D}.Debug|x64.ActiveCfg = Debug|Any CPU
		{708DCCE8-A25A-44E0-80FB-61FD4451FF5D}.Debug|x86.ActiveCfg = Debug|Any CPU
		{708DCCE8-A25A-44E0-80FB-61FD4451FF5D}.Release Portable|Any CPU.ActiveCfg = Release|Any CPU
		{708DCCE8-A25A-44E0-80FB-61FD4451FF5D}.Release Portable|Any CPU.Build.0 = Release|Any CPU
		{708DCCE8-A25A-44E0-80FB-61FD4451FF5D}.Release Portable|ARM.ActiveCfg = Release|Any CPU
		{708DCCE8-A25A-44E0-80FB-61FD4451FF5D}.Release Portable|Mixed Platforms.ActiveCfg = Release|Any CPU
		{708DCCE8-A25A-44E0-80FB-61FD4451FF5D}.Release Portable|Mixed Platforms.Build.0 = Release|Any CPU
		{708DCCE8-A25A-44E0-80FB-61FD4451FF5D}.Release Portable|x64.ActiveCfg = Release|Any CPU
		{708DCCE8-A25A-44E0-80FB-61FD4451FF5D}.Release Portable|x86.ActiveCfg = Release|Any CPU
		{708DCCE8-A25A-44E0-80FB-61FD4451FF5D}.Release|Any CPU.ActiveCfg = Release|Any CPU
		{708DCCE8-A25A-44E0-80FB-61FD4451FF5D}.Release|Any CPU.Build.0 = Release|Any CPU
		{708DCCE8-A25A-44E0-80FB-61FD4451FF5D}.Release|ARM.ActiveCfg = Release|Any CPU
		{708DCCE8-A25A-44E0-80FB-61FD4451FF5D}.Release|Mixed Platforms.ActiveCfg = Release|Any CPU
		{708DCCE8-A25A-44E0-80FB-61FD4451FF5D}.Release|Mixed Platforms.Build.0 = Release|Any CPU
		{708DCCE8-A25A-44E0-80FB-61FD4451FF5D}.Release|x64.ActiveCfg = Release|Any CPU
		{708DCCE8-A25A-44E0-80FB-61FD4451FF5D}.Release|x86.ActiveCfg = Release|Any CPU
		{F450520B-00BE-4FA0-9B40-8AAD5A74F321}.Debug Portable|Any CPU.ActiveCfg = Debug|Any CPU
		{F450520B-00BE-4FA0-9B40-8AAD5A74F321}.Debug Portable|Any CPU.Build.0 = Debug|Any CPU
		{F450520B-00BE-4FA0-9B40-8AAD5A74F321}.Debug Portable|ARM.ActiveCfg = Debug|Any CPU
		{F450520B-00BE-4FA0-9B40-8AAD5A74F321}.Debug Portable|Mixed Platforms.ActiveCfg = Debug|Any CPU
		{F450520B-00BE-4FA0-9B40-8AAD5A74F321}.Debug Portable|Mixed Platforms.Build.0 = Debug|Any CPU
		{F450520B-00BE-4FA0-9B40-8AAD5A74F321}.Debug Portable|x64.ActiveCfg = Debug|Any CPU
		{F450520B-00BE-4FA0-9B40-8AAD5A74F321}.Debug Portable|x86.ActiveCfg = Debug|Any CPU
		{F450520B-00BE-4FA0-9B40-8AAD5A74F321}.Debug|Any CPU.ActiveCfg = Debug|Any CPU
		{F450520B-00BE-4FA0-9B40-8AAD5A74F321}.Debug|Any CPU.Build.0 = Debug|Any CPU
		{F450520B-00BE-4FA0-9B40-8AAD5A74F321}.Debug|ARM.ActiveCfg = Debug|Any CPU
		{F450520B-00BE-4FA0-9B40-8AAD5A74F321}.Debug|Mixed Platforms.ActiveCfg = Debug|Any CPU
		{F450520B-00BE-4FA0-9B40-8AAD5A74F321}.Debug|Mixed Platforms.Build.0 = Debug|Any CPU
		{F450520B-00BE-4FA0-9B40-8AAD5A74F321}.Debug|x64.ActiveCfg = Debug|Any CPU
		{F450520B-00BE-4FA0-9B40-8AAD5A74F321}.Debug|x86.ActiveCfg = Debug|Any CPU
		{F450520B-00BE-4FA0-9B40-8AAD5A74F321}.Release Portable|Any CPU.ActiveCfg = Release|Any CPU
		{F450520B-00BE-4FA0-9B40-8AAD5A74F321}.Release Portable|Any CPU.Build.0 = Release|Any CPU
		{F450520B-00BE-4FA0-9B40-8AAD5A74F321}.Release Portable|ARM.ActiveCfg = Release|Any CPU
		{F450520B-00BE-4FA0-9B40-8AAD5A74F321}.Release Portable|Mixed Platforms.ActiveCfg = Release|Any CPU
		{F450520B-00BE-4FA0-9B40-8AAD5A74F321}.Release Portable|Mixed Platforms.Build.0 = Release|Any CPU
		{F450520B-00BE-4FA0-9B40-8AAD5A74F321}.Release Portable|x64.ActiveCfg = Release|Any CPU
		{F450520B-00BE-4FA0-9B40-8AAD5A74F321}.Release Portable|x86.ActiveCfg = Release|Any CPU
		{F450520B-00BE-4FA0-9B40-8AAD5A74F321}.Release|Any CPU.ActiveCfg = Release|Any CPU
		{F450520B-00BE-4FA0-9B40-8AAD5A74F321}.Release|Any CPU.Build.0 = Release|Any CPU
		{F450520B-00BE-4FA0-9B40-8AAD5A74F321}.Release|ARM.ActiveCfg = Release|Any CPU
		{F450520B-00BE-4FA0-9B40-8AAD5A74F321}.Release|Mixed Platforms.ActiveCfg = Release|Any CPU
		{F450520B-00BE-4FA0-9B40-8AAD5A74F321}.Release|Mixed Platforms.Build.0 = Release|Any CPU
		{F450520B-00BE-4FA0-9B40-8AAD5A74F321}.Release|x64.ActiveCfg = Release|Any CPU
		{F450520B-00BE-4FA0-9B40-8AAD5A74F321}.Release|x86.ActiveCfg = Release|Any CPU
		{8F0D52B5-70B3-4469-BBAF-80908B223CF6}.Debug Portable|Any CPU.ActiveCfg = Debug|Any CPU
		{8F0D52B5-70B3-4469-BBAF-80908B223CF6}.Debug Portable|Any CPU.Build.0 = Debug|Any CPU
		{8F0D52B5-70B3-4469-BBAF-80908B223CF6}.Debug Portable|ARM.ActiveCfg = Debug|Any CPU
		{8F0D52B5-70B3-4469-BBAF-80908B223CF6}.Debug Portable|Mixed Platforms.ActiveCfg = Debug|Any CPU
		{8F0D52B5-70B3-4469-BBAF-80908B223CF6}.Debug Portable|Mixed Platforms.Build.0 = Debug|Any CPU
		{8F0D52B5-70B3-4469-BBAF-80908B223CF6}.Debug Portable|x64.ActiveCfg = Debug|Any CPU
		{8F0D52B5-70B3-4469-BBAF-80908B223CF6}.Debug Portable|x86.ActiveCfg = Debug|Any CPU
		{8F0D52B5-70B3-4469-BBAF-80908B223CF6}.Debug|Any CPU.ActiveCfg = Debug|Any CPU
		{8F0D52B5-70B3-4469-BBAF-80908B223CF6}.Debug|Any CPU.Build.0 = Debug|Any CPU
		{8F0D52B5-70B3-4469-BBAF-80908B223CF6}.Debug|ARM.ActiveCfg = Debug|Any CPU
		{8F0D52B5-70B3-4469-BBAF-80908B223CF6}.Debug|Mixed Platforms.ActiveCfg = Debug|Any CPU
		{8F0D52B5-70B3-4469-BBAF-80908B223CF6}.Debug|Mixed Platforms.Build.0 = Debug|Any CPU
		{8F0D52B5-70B3-4469-BBAF-80908B223CF6}.Debug|x64.ActiveCfg = Debug|Any CPU
		{8F0D52B5-70B3-4469-BBAF-80908B223CF6}.Debug|x86.ActiveCfg = Debug|Any CPU
		{8F0D52B5-70B3-4469-BBAF-80908B223CF6}.Release Portable|Any CPU.ActiveCfg = Release|Any CPU
		{8F0D52B5-70B3-4469-BBAF-80908B223CF6}.Release Portable|Any CPU.Build.0 = Release|Any CPU
		{8F0D52B5-70B3-4469-BBAF-80908B223CF6}.Release Portable|ARM.ActiveCfg = Release|Any CPU
		{8F0D52B5-70B3-4469-BBAF-80908B223CF6}.Release Portable|Mixed Platforms.ActiveCfg = Release|Any CPU
		{8F0D52B5-70B3-4469-BBAF-80908B223CF6}.Release Portable|Mixed Platforms.Build.0 = Release|Any CPU
		{8F0D52B5-70B3-4469-BBAF-80908B223CF6}.Release Portable|x64.ActiveCfg = Release|Any CPU
		{8F0D52B5-70B3-4469-BBAF-80908B223CF6}.Release Portable|x86.ActiveCfg = Release|Any CPU
		{8F0D52B5-70B3-4469-BBAF-80908B223CF6}.Release|Any CPU.ActiveCfg = Release|Any CPU
		{8F0D52B5-70B3-4469-BBAF-80908B223CF6}.Release|Any CPU.Build.0 = Release|Any CPU
		{8F0D52B5-70B3-4469-BBAF-80908B223CF6}.Release|ARM.ActiveCfg = Release|Any CPU
		{8F0D52B5-70B3-4469-BBAF-80908B223CF6}.Release|Mixed Platforms.ActiveCfg = Release|Any CPU
		{8F0D52B5-70B3-4469-BBAF-80908B223CF6}.Release|Mixed Platforms.Build.0 = Release|Any CPU
		{8F0D52B5-70B3-4469-BBAF-80908B223CF6}.Release|x64.ActiveCfg = Release|Any CPU
		{8F0D52B5-70B3-4469-BBAF-80908B223CF6}.Release|x86.ActiveCfg = Release|Any CPU
		{2DC1700A-F83F-44D9-A2AC-EA2DCF4E747F}.Debug Portable|Any CPU.ActiveCfg = Debug|x64
		{2DC1700A-F83F-44D9-A2AC-EA2DCF4E747F}.Debug Portable|ARM.ActiveCfg = Debug|x64
		{2DC1700A-F83F-44D9-A2AC-EA2DCF4E747F}.Debug Portable|Mixed Platforms.ActiveCfg = Debug|x64
		{2DC1700A-F83F-44D9-A2AC-EA2DCF4E747F}.Debug Portable|Mixed Platforms.Build.0 = Debug|x64
		{2DC1700A-F83F-44D9-A2AC-EA2DCF4E747F}.Debug Portable|x64.ActiveCfg = Debug|x64
		{2DC1700A-F83F-44D9-A2AC-EA2DCF4E747F}.Debug Portable|x64.Build.0 = Debug|x64
		{2DC1700A-F83F-44D9-A2AC-EA2DCF4E747F}.Debug Portable|x86.ActiveCfg = Debug|x64
		{2DC1700A-F83F-44D9-A2AC-EA2DCF4E747F}.Debug|Any CPU.ActiveCfg = Debug|x64
		{2DC1700A-F83F-44D9-A2AC-EA2DCF4E747F}.Debug|ARM.ActiveCfg = Debug|x64
		{2DC1700A-F83F-44D9-A2AC-EA2DCF4E747F}.Debug|Mixed Platforms.ActiveCfg = Debug|x64
		{2DC1700A-F83F-44D9-A2AC-EA2DCF4E747F}.Debug|Mixed Platforms.Build.0 = Debug|x64
		{2DC1700A-F83F-44D9-A2AC-EA2DCF4E747F}.Debug|x64.ActiveCfg = Debug|x64
		{2DC1700A-F83F-44D9-A2AC-EA2DCF4E747F}.Debug|x64.Build.0 = Debug|x64
		{2DC1700A-F83F-44D9-A2AC-EA2DCF4E747F}.Debug|x86.ActiveCfg = Debug|x64
		{2DC1700A-F83F-44D9-A2AC-EA2DCF4E747F}.Release Portable|Any CPU.ActiveCfg = Release|x64
		{2DC1700A-F83F-44D9-A2AC-EA2DCF4E747F}.Release Portable|ARM.ActiveCfg = Release|x64
		{2DC1700A-F83F-44D9-A2AC-EA2DCF4E747F}.Release Portable|Mixed Platforms.ActiveCfg = Release|x64
		{2DC1700A-F83F-44D9-A2AC-EA2DCF4E747F}.Release Portable|Mixed Platforms.Build.0 = Release|x64
		{2DC1700A-F83F-44D9-A2AC-EA2DCF4E747F}.Release Portable|x64.ActiveCfg = Release|x64
		{2DC1700A-F83F-44D9-A2AC-EA2DCF4E747F}.Release Portable|x64.Build.0 = Release|x64
		{2DC1700A-F83F-44D9-A2AC-EA2DCF4E747F}.Release Portable|x86.ActiveCfg = Release|x64
		{2DC1700A-F83F-44D9-A2AC-EA2DCF4E747F}.Release|Any CPU.ActiveCfg = Release|x64
		{2DC1700A-F83F-44D9-A2AC-EA2DCF4E747F}.Release|ARM.ActiveCfg = Release|x64
		{2DC1700A-F83F-44D9-A2AC-EA2DCF4E747F}.Release|Mixed Platforms.ActiveCfg = Release|x64
		{2DC1700A-F83F-44D9-A2AC-EA2DCF4E747F}.Release|Mixed Platforms.Build.0 = Release|x64
		{2DC1700A-F83F-44D9-A2AC-EA2DCF4E747F}.Release|x64.ActiveCfg = Release|x64
		{2DC1700A-F83F-44D9-A2AC-EA2DCF4E747F}.Release|x64.Build.0 = Release|x64
		{2DC1700A-F83F-44D9-A2AC-EA2DCF4E747F}.Release|x86.ActiveCfg = Release|x64
		{ADE23B05-8CCE-4EAD-BCA6-0A469F60B29B}.Debug Portable|Any CPU.ActiveCfg = Debug|Any CPU
		{ADE23B05-8CCE-4EAD-BCA6-0A469F60B29B}.Debug Portable|Any CPU.Build.0 = Debug|Any CPU
		{ADE23B05-8CCE-4EAD-BCA6-0A469F60B29B}.Debug Portable|ARM.ActiveCfg = Debug|Any CPU
		{ADE23B05-8CCE-4EAD-BCA6-0A469F60B29B}.Debug Portable|Mixed Platforms.ActiveCfg = Debug|Any CPU
		{ADE23B05-8CCE-4EAD-BCA6-0A469F60B29B}.Debug Portable|Mixed Platforms.Build.0 = Debug|Any CPU
		{ADE23B05-8CCE-4EAD-BCA6-0A469F60B29B}.Debug Portable|x64.ActiveCfg = Debug|Any CPU
		{ADE23B05-8CCE-4EAD-BCA6-0A469F60B29B}.Debug Portable|x86.ActiveCfg = Debug|Any CPU
		{ADE23B05-8CCE-4EAD-BCA6-0A469F60B29B}.Debug|Any CPU.ActiveCfg = Debug|Any CPU
		{ADE23B05-8CCE-4EAD-BCA6-0A469F60B29B}.Debug|Any CPU.Build.0 = Debug|Any CPU
		{ADE23B05-8CCE-4EAD-BCA6-0A469F60B29B}.Debug|ARM.ActiveCfg = Debug|Any CPU
		{ADE23B05-8CCE-4EAD-BCA6-0A469F60B29B}.Debug|Mixed Platforms.ActiveCfg = Debug|Any CPU
		{ADE23B05-8CCE-4EAD-BCA6-0A469F60B29B}.Debug|Mixed Platforms.Build.0 = Debug|Any CPU
		{ADE23B05-8CCE-4EAD-BCA6-0A469F60B29B}.Debug|x64.ActiveCfg = Debug|Any CPU
		{ADE23B05-8CCE-4EAD-BCA6-0A469F60B29B}.Debug|x86.ActiveCfg = Debug|Any CPU
		{ADE23B05-8CCE-4EAD-BCA6-0A469F60B29B}.Release Portable|Any CPU.ActiveCfg = Release|Any CPU
		{ADE23B05-8CCE-4EAD-BCA6-0A469F60B29B}.Release Portable|Any CPU.Build.0 = Release|Any CPU
		{ADE23B05-8CCE-4EAD-BCA6-0A469F60B29B}.Release Portable|ARM.ActiveCfg = Release|Any CPU
		{ADE23B05-8CCE-4EAD-BCA6-0A469F60B29B}.Release Portable|Mixed Platforms.ActiveCfg = Release|Any CPU
		{ADE23B05-8CCE-4EAD-BCA6-0A469F60B29B}.Release Portable|Mixed Platforms.Build.0 = Release|Any CPU
		{ADE23B05-8CCE-4EAD-BCA6-0A469F60B29B}.Release Portable|x64.ActiveCfg = Release|Any CPU
		{ADE23B05-8CCE-4EAD-BCA6-0A469F60B29B}.Release Portable|x86.ActiveCfg = Release|Any CPU
		{ADE23B05-8CCE-4EAD-BCA6-0A469F60B29B}.Release|Any CPU.ActiveCfg = Release|Any CPU
		{ADE23B05-8CCE-4EAD-BCA6-0A469F60B29B}.Release|Any CPU.Build.0 = Release|Any CPU
		{ADE23B05-8CCE-4EAD-BCA6-0A469F60B29B}.Release|ARM.ActiveCfg = Release|Any CPU
		{ADE23B05-8CCE-4EAD-BCA6-0A469F60B29B}.Release|Mixed Platforms.ActiveCfg = Release|Any CPU
		{ADE23B05-8CCE-4EAD-BCA6-0A469F60B29B}.Release|Mixed Platforms.Build.0 = Release|Any CPU
		{ADE23B05-8CCE-4EAD-BCA6-0A469F60B29B}.Release|x64.ActiveCfg = Release|Any CPU
		{ADE23B05-8CCE-4EAD-BCA6-0A469F60B29B}.Release|x86.ActiveCfg = Release|Any CPU
		{7114313B-7563-4D86-B052-5E5667D7E17C}.Debug Portable|Any CPU.ActiveCfg = Debug|Any CPU
		{7114313B-7563-4D86-B052-5E5667D7E17C}.Debug Portable|Any CPU.Build.0 = Debug|Any CPU
		{7114313B-7563-4D86-B052-5E5667D7E17C}.Debug Portable|ARM.ActiveCfg = Debug|Any CPU
		{7114313B-7563-4D86-B052-5E5667D7E17C}.Debug Portable|Mixed Platforms.ActiveCfg = Debug|Any CPU
		{7114313B-7563-4D86-B052-5E5667D7E17C}.Debug Portable|Mixed Platforms.Build.0 = Debug|Any CPU
		{7114313B-7563-4D86-B052-5E5667D7E17C}.Debug Portable|x64.ActiveCfg = Debug|Any CPU
		{7114313B-7563-4D86-B052-5E5667D7E17C}.Debug Portable|x86.ActiveCfg = Debug|Any CPU
		{7114313B-7563-4D86-B052-5E5667D7E17C}.Debug|Any CPU.ActiveCfg = Debug|Any CPU
		{7114313B-7563-4D86-B052-5E5667D7E17C}.Debug|Any CPU.Build.0 = Debug|Any CPU
		{7114313B-7563-4D86-B052-5E5667D7E17C}.Debug|ARM.ActiveCfg = Debug|Any CPU
		{7114313B-7563-4D86-B052-5E5667D7E17C}.Debug|Mixed Platforms.ActiveCfg = Debug|Any CPU
		{7114313B-7563-4D86-B052-5E5667D7E17C}.Debug|Mixed Platforms.Build.0 = Debug|Any CPU
		{7114313B-7563-4D86-B052-5E5667D7E17C}.Debug|x64.ActiveCfg = Debug|Any CPU
		{7114313B-7563-4D86-B052-5E5667D7E17C}.Debug|x86.ActiveCfg = Debug|Any CPU
		{7114313B-7563-4D86-B052-5E5667D7E17C}.Release Portable|Any CPU.ActiveCfg = Release|Any CPU
		{7114313B-7563-4D86-B052-5E5667D7E17C}.Release Portable|Any CPU.Build.0 = Release|Any CPU
		{7114313B-7563-4D86-B052-5E5667D7E17C}.Release Portable|ARM.ActiveCfg = Release|Any CPU
		{7114313B-7563-4D86-B052-5E5667D7E17C}.Release Portable|Mixed Platforms.ActiveCfg = Release|Any CPU
		{7114313B-7563-4D86-B052-5E5667D7E17C}.Release Portable|Mixed Platforms.Build.0 = Release|Any CPU
		{7114313B-7563-4D86-B052-5E5667D7E17C}.Release Portable|x64.ActiveCfg = Release|Any CPU
		{7114313B-7563-4D86-B052-5E5667D7E17C}.Release Portable|x86.ActiveCfg = Release|Any CPU
		{7114313B-7563-4D86-B052-5E5667D7E17C}.Release|Any CPU.ActiveCfg = Release|Any CPU
		{7114313B-7563-4D86-B052-5E5667D7E17C}.Release|Any CPU.Build.0 = Release|Any CPU
		{7114313B-7563-4D86-B052-5E5667D7E17C}.Release|ARM.ActiveCfg = Release|Any CPU
		{7114313B-7563-4D86-B052-5E5667D7E17C}.Release|Mixed Platforms.ActiveCfg = Release|Any CPU
		{7114313B-7563-4D86-B052-5E5667D7E17C}.Release|Mixed Platforms.Build.0 = Release|Any CPU
		{7114313B-7563-4D86-B052-5E5667D7E17C}.Release|x64.ActiveCfg = Release|Any CPU
		{7114313B-7563-4D86-B052-5E5667D7E17C}.Release|x86.ActiveCfg = Release|Any CPU
	EndGlobalSection
	GlobalSection(SolutionProperties) = preSolution
		HideSolutionNode = FALSE
	EndGlobalSection
	GlobalSection(NestedProjects) = preSolution
		{57766550-A465-4797-80B7-9D7746D2DCF3} = {136D7621-C2BA-419F-AF8E-07BF1D2BCE1F}
		{24A0D64A-F894-4EB4-8CB7-8F6081BFE324} = {136D7621-C2BA-419F-AF8E-07BF1D2BCE1F}
		{11C2C7B4-3A50-4984-9466-478526091EE2} = {136D7621-C2BA-419F-AF8E-07BF1D2BCE1F}
		{DFFD61EA-2A22-48D7-A5F7-17554AB10BCE} = {3B8883BB-764B-40AA-B7BD-A30F4C9D5808}
		{C2F848EF-E0AE-4A0C-909B-C9C10AFB2CEC} = {3B8883BB-764B-40AA-B7BD-A30F4C9D5808}
		{708DCCE8-A25A-44E0-80FB-61FD4451FF5D} = {3B8883BB-764B-40AA-B7BD-A30F4C9D5808}
		{F450520B-00BE-4FA0-9B40-8AAD5A74F321} = {136D7621-C2BA-419F-AF8E-07BF1D2BCE1F}
		{2DC1700A-F83F-44D9-A2AC-EA2DCF4E747F} = {3B8883BB-764B-40AA-B7BD-A30F4C9D5808}
		{ADE23B05-8CCE-4EAD-BCA6-0A469F60B29B} = {136D7621-C2BA-419F-AF8E-07BF1D2BCE1F}
		{7114313B-7563-4D86-B052-5E5667D7E17C} = {E8E1A22E-2F90-42E1-A8B6-BAB783881FD3}
	EndGlobalSection
EndGlobal
