Microsoft Visual Studio Solution File, Format Version 12.00
# Visual Studio Version 16
VisualStudioVersion = 16.0.29920.165
MinimumVisualStudioVersion = 15.0.26124.0

Project("{D954291E-2A0B-460D-934E-DC6B0785DB48}") = "BruTile.Demo.Uno.Shared", "BruTile.Demo.Uno.Shared\BruTile.Demo.Uno.Shared.shproj", "{6279C845-92F8-4333-AB99-3D213163593C}"
EndProject

Project("{FAE04EC0-301F-11D3-BF4B-00C04F79EFBC}") = "BruTile.Demo.Uno.Mobile", "BruTile.Demo.Uno.Mobile\BruTile.Demo.Uno.Mobile.csproj", "{E696183D-3F23-4203-8635-CEE2E7A57EA3}"
EndProject

Project("{FAE04EC0-301F-11D3-BF4B-00C04F79EFBC}") = "BruTile.Demo.Uno.Uwp", "BruTile.Demo.Uno.UWP\BruTile.Demo.Uno.Uwp.csproj", "{1723C6AE-C99F-4104-B952-311C17BBF07C}"
EndProject

Project("{9A19103F-16F7-4668-BE54-9A1E7A4F7556}") = "BruTile.Demo.Uno.Wasm", "BruTile.Demo.Uno.Wasm\BruTile.Demo.Uno.Wasm.csproj", "{40EA03F7-8A22-4143-B251-79BAC3EB13D2}"
EndProject

Project("{9A19103F-16F7-4668-BE54-9A1E7A4F7556}") = "BruTile.Demo.Uno.Skia.Gtk", "BruTile.Demo.Uno.Skia.Gtk\BruTile.Demo.Uno.Skia.Gtk.csproj", "{A5B8155A-118F-4794-B551-C6F3CF7E5411}"
EndProject

Project("{9A19103F-16F7-4668-BE54-9A1E7A4F7556}") = "BruTile.Demo.Uno.Skia.WPF", "BruTile.Demo.Uno.Skia.WPF\BruTile.Demo.Uno.Skia.WPF.csproj", "{0AD4D275-DDAA-46F5-AEB1-FAFE61329382}"
EndProject
Project("{9A19103F-16F7-4668-BE54-9A1E7A4F7556}") = "BruTile.Demo.Uno.Skia.Wpf.Host", "BruTile.Demo.Uno.Skia.WPF.Host\BruTile.Demo.Uno.Skia.Wpf.Host.csproj", "{6CF284A4-22B1-4F05-97F4-F095C07A598E}"
EndProject

Project("{9A19103F-16F7-4668-BE54-9A1E7A4F7556}") = "BruTile.Demo.Uno.Skia.Linux.FrameBuffer", "BruTile.Demo.Uno.Skia.Linux.FrameBuffer\BruTile.Demo.Uno.Skia.Linux.FrameBuffer.csproj", "{761D821E-9905-4444-9ADF-76C995FE5427}"
EndProject

Global
	GlobalSection(SharedMSBuildProjectFiles) = preSolution
		BruTile.Demo.Uno.Shared\BruTile.Demo.Uno.Shared.projitems*{E696183D-3F23-4203-8635-CEE2E7A57EA3}*SharedItemsImports = 4
		BruTile.Demo.Uno.Shared\BruTile.Demo.Uno.Shared.projitems*{0AD4D275-DDAA-46F5-AEB1-FAFE61329382}*SharedItemsImports = 5
		BruTile.Demo.Uno.Shared\BruTile.Demo.Uno.Shared.projitems*{7B5C2230-3B4B-4663-AD8D-A2115D6F67F4}*SharedItemsImports = 4
		BruTile.Demo.Uno.Shared\BruTile.Demo.Uno.Shared.projitems*{40ea03f7-8a22-4143-b251-79bac3eb13d2}*SharedItemsImports = 5
		BruTile.Demo.Uno.Shared\BruTile.Demo.Uno.Shared.projitems*{a5b8155a-118f-4794-b551-c6f3cf7e5411}*SharedItemsImports = 5
		BruTile.Demo.Uno.Shared\BruTile.Demo.Uno.Shared.projitems*{982D50BA-3F77-4AA7-B5DF-1DD1B787BD61}*SharedItemsImports = 4
		BruTile.Demo.Uno.Shared\BruTile.Demo.Uno.Shared.projitems*{6279c845-92f8-4333-ab99-3d213163593c}*SharedItemsImports = 13
		BruTile.Demo.Uno.Shared\BruTile.Demo.Uno.Shared.projitems*{1723C6AE-C99F-4104-B952-311C17BBF07C}*SharedItemsImports = 4
	EndGlobalSection
	GlobalSection(SolutionConfigurationPlatforms) = preSolution
		Debug|Any CPU = Debug|Any CPU
		Debug|ARM = Debug|ARM
		Debug|ARM64 = Debug|ARM64
		Debug|iPhone = Debug|iPhone
		Debug|iPhoneSimulator = Debug|iPhoneSimulator
		Debug|x64 = Debug|x64
		Debug|x86 = Debug|x86
		Release|Any CPU = Release|Any CPU
		Release|ARM = Release|ARM
		Release|ARM64 = Release|ARM64
		Release|iPhone = Release|iPhone
		Release|iPhoneSimulator = Release|iPhoneSimulator
		Release|x64 = Release|x64
		Release|x86 = Release|x86
	EndGlobalSection
	GlobalSection(ProjectConfigurationPlatforms) = postSolution
		{E696183D-3F23-4203-8635-CEE2E7A57EA3}.Debug|Any CPU.ActiveCfg = Debug|Any CPU
		{E696183D-3F23-4203-8635-CEE2E7A57EA3}.Debug|Any CPU.Build.0 = Debug|Any CPU
		{E696183D-3F23-4203-8635-CEE2E7A57EA3}.Debug|Any CPU.Deploy.0 = Debug|Any CPU
		{E696183D-3F23-4203-8635-CEE2E7A57EA3}.Debug|ARM.ActiveCfg = Debug|Any CPU
		{E696183D-3F23-4203-8635-CEE2E7A57EA3}.Debug|ARM.Build.0 = Debug|Any CPU
		{E696183D-3F23-4203-8635-CEE2E7A57EA3}.Debug|ARM.Deploy.0 = Debug|Any CPU
		{E696183D-3F23-4203-8635-CEE2E7A57EA3}.Debug|ARM64.ActiveCfg = Debug|Any CPU
		{E696183D-3F23-4203-8635-CEE2E7A57EA3}.Debug|ARM64.Build.0 = Debug|Any CPU
		{E696183D-3F23-4203-8635-CEE2E7A57EA3}.Debug|ARM64.Deploy.0 = Debug|Any CPU
		{E696183D-3F23-4203-8635-CEE2E7A57EA3}.Debug|iPhone.ActiveCfg = Debug|Any CPU
		{E696183D-3F23-4203-8635-CEE2E7A57EA3}.Debug|iPhone.Build.0 = Debug|Any CPU
		{E696183D-3F23-4203-8635-CEE2E7A57EA3}.Debug|iPhone.Deploy.0 = Debug|Any CPU
		{E696183D-3F23-4203-8635-CEE2E7A57EA3}.Debug|iPhoneSimulator.ActiveCfg = Debug|Any CPU
		{E696183D-3F23-4203-8635-CEE2E7A57EA3}.Debug|iPhoneSimulator.Build.0 = Debug|Any CPU
		{E696183D-3F23-4203-8635-CEE2E7A57EA3}.Debug|iPhoneSimulator.Deploy.0 = Debug|Any CPU
		{E696183D-3F23-4203-8635-CEE2E7A57EA3}.Debug|x64.ActiveCfg = Debug|Any CPU
		{E696183D-3F23-4203-8635-CEE2E7A57EA3}.Debug|x64.Build.0 = Debug|Any CPU
		{E696183D-3F23-4203-8635-CEE2E7A57EA3}.Debug|x64.Deploy.0 = Debug|Any CPU
		{E696183D-3F23-4203-8635-CEE2E7A57EA3}.Debug|x86.ActiveCfg = Debug|Any CPU
		{E696183D-3F23-4203-8635-CEE2E7A57EA3}.Debug|x86.Build.0 = Debug|Any CPU
		{E696183D-3F23-4203-8635-CEE2E7A57EA3}.Debug|x86.Deploy.0 = Debug|Any CPU

		{E696183D-3F23-4203-8635-CEE2E7A57EA3}.Release|Any CPU.ActiveCfg = Release|Any CPU
		{E696183D-3F23-4203-8635-CEE2E7A57EA3}.Release|Any CPU.Build.0 = Release|Any CPU
		{E696183D-3F23-4203-8635-CEE2E7A57EA3}.Release|Any CPU.Deploy.0 = Release|Any CPU
		{E696183D-3F23-4203-8635-CEE2E7A57EA3}.Release|ARM.ActiveCfg = Release|Any CPU
		{E696183D-3F23-4203-8635-CEE2E7A57EA3}.Release|ARM.Build.0 = Release|Any CPU
		{E696183D-3F23-4203-8635-CEE2E7A57EA3}.Release|ARM.Deploy.0 = Release|Any CPU
		{E696183D-3F23-4203-8635-CEE2E7A57EA3}.Release|ARM64.ActiveCfg = Release|Any CPU
		{E696183D-3F23-4203-8635-CEE2E7A57EA3}.Release|ARM64.Build.0 = Release|Any CPU
		{E696183D-3F23-4203-8635-CEE2E7A57EA3}.Release|ARM64.Deploy.0 = Release|Any CPU
		{E696183D-3F23-4203-8635-CEE2E7A57EA3}.Release|iPhone.ActiveCfg = Release|Any CPU
		{E696183D-3F23-4203-8635-CEE2E7A57EA3}.Release|iPhone.Build.0 = Release|Any CPU
		{E696183D-3F23-4203-8635-CEE2E7A57EA3}.Release|iPhone.Deploy.0 = Release|Any CPU
		{E696183D-3F23-4203-8635-CEE2E7A57EA3}.Release|iPhoneSimulator.ActiveCfg = Release|Any CPU
		{E696183D-3F23-4203-8635-CEE2E7A57EA3}.Release|iPhoneSimulator.Build.0 = Release|Any CPU
		{E696183D-3F23-4203-8635-CEE2E7A57EA3}.Release|iPhoneSimulator.Deploy.0 = Release|Any CPU
		{E696183D-3F23-4203-8635-CEE2E7A57EA3}.Release|x64.ActiveCfg = Release|Any CPU
		{E696183D-3F23-4203-8635-CEE2E7A57EA3}.Release|x64.Build.0 = Release|Any CPU
		{E696183D-3F23-4203-8635-CEE2E7A57EA3}.Release|x64.Deploy.0 = Release|Any CPU
		{E696183D-3F23-4203-8635-CEE2E7A57EA3}.Release|x86.ActiveCfg = Release|Any CPU
		{E696183D-3F23-4203-8635-CEE2E7A57EA3}.Release|x86.Build.0 = Release|Any CPU
		{E696183D-3F23-4203-8635-CEE2E7A57EA3}.Release|x86.Deploy.0 = Release|Any CPU
		{982D50BA-3F77-4AA7-B5DF-1DD1B787BD61}.Debug|Any CPU.ActiveCfg = Debug|iPhone
		{982D50BA-3F77-4AA7-B5DF-1DD1B787BD61}.Debug|Any CPU.Build.0 = Debug|iPhone
		{982D50BA-3F77-4AA7-B5DF-1DD1B787BD61}.Debug|Any CPU.Deploy.0 = Debug|iPhone
		{982D50BA-3F77-4AA7-B5DF-1DD1B787BD61}.Debug|ARM.ActiveCfg = Debug|iPhone
		{982D50BA-3F77-4AA7-B5DF-1DD1B787BD61}.Debug|ARM64.ActiveCfg = Debug|iPhone
		{982D50BA-3F77-4AA7-B5DF-1DD1B787BD61}.Debug|iPhone.ActiveCfg = Debug|iPhone
		{982D50BA-3F77-4AA7-B5DF-1DD1B787BD61}.Debug|iPhone.Build.0 = Debug|iPhone
		{982D50BA-3F77-4AA7-B5DF-1DD1B787BD61}.Debug|iPhoneSimulator.ActiveCfg = Debug|iPhoneSimulator
		{982D50BA-3F77-4AA7-B5DF-1DD1B787BD61}.Debug|iPhoneSimulator.Build.0 = Debug|iPhoneSimulator
		{982D50BA-3F77-4AA7-B5DF-1DD1B787BD61}.Debug|x64.ActiveCfg = Debug|iPhone
		{982D50BA-3F77-4AA7-B5DF-1DD1B787BD61}.Debug|x64.Build.0 = Debug|iPhone
		{982D50BA-3F77-4AA7-B5DF-1DD1B787BD61}.Debug|x64.Deploy.0 = Debug|iPhone
		{982D50BA-3F77-4AA7-B5DF-1DD1B787BD61}.Debug|x86.ActiveCfg = Debug|iPhoneSimulator
		{982D50BA-3F77-4AA7-B5DF-1DD1B787BD61}.Debug|x86.Build.0 = Debug|iPhoneSimulator
		{982D50BA-3F77-4AA7-B5DF-1DD1B787BD61}.Debug|x86.Deploy.0 = Debug|iPhoneSimulator
		{982D50BA-3F77-4AA7-B5DF-1DD1B787BD61}.Release|Any CPU.ActiveCfg = Release|iPhone
		{982D50BA-3F77-4AA7-B5DF-1DD1B787BD61}.Release|ARM.ActiveCfg = Release|iPhone
		{982D50BA-3F77-4AA7-B5DF-1DD1B787BD61}.Release|ARM64.ActiveCfg = Release|iPhone
		{982D50BA-3F77-4AA7-B5DF-1DD1B787BD61}.Release|iPhone.ActiveCfg = Release|iPhone
		{982D50BA-3F77-4AA7-B5DF-1DD1B787BD61}.Release|iPhone.Build.0 = Release|iPhone
		{982D50BA-3F77-4AA7-B5DF-1DD1B787BD61}.Release|iPhoneSimulator.ActiveCfg = Release|iPhoneSimulator
		{982D50BA-3F77-4AA7-B5DF-1DD1B787BD61}.Release|iPhoneSimulator.Build.0 = Release|iPhoneSimulator
		{982D50BA-3F77-4AA7-B5DF-1DD1B787BD61}.Release|x64.ActiveCfg = Release|iPhoneSimulator
		{982D50BA-3F77-4AA7-B5DF-1DD1B787BD61}.Release|x64.Build.0 = Release|iPhoneSimulator
		{982D50BA-3F77-4AA7-B5DF-1DD1B787BD61}.Release|x64.Deploy.0 = Release|iPhoneSimulator
		{982D50BA-3F77-4AA7-B5DF-1DD1B787BD61}.Release|x86.ActiveCfg = Release|iPhoneSimulator
		{982D50BA-3F77-4AA7-B5DF-1DD1B787BD61}.Release|x86.Build.0 = Release|iPhoneSimulator

		{1723C6AE-C99F-4104-B952-311C17BBF07C}.Debug|Any CPU.ActiveCfg = Debug|x86
		{1723C6AE-C99F-4104-B952-311C17BBF07C}.Debug|Any CPU.Build.0 = Debug|x86
		{1723C6AE-C99F-4104-B952-311C17BBF07C}.Debug|Any CPU.Deploy.0 = Debug|x86
		{1723C6AE-C99F-4104-B952-311C17BBF07C}.Debug|ARM.ActiveCfg = Debug|ARM
		{1723C6AE-C99F-4104-B952-311C17BBF07C}.Debug|ARM.Build.0 = Debug|ARM
		{1723C6AE-C99F-4104-B952-311C17BBF07C}.Debug|ARM.Deploy.0 = Debug|ARM
		{1723C6AE-C99F-4104-B952-311C17BBF07C}.Debug|ARM64.ActiveCfg = Debug|ARM64
		{1723C6AE-C99F-4104-B952-311C17BBF07C}.Debug|ARM64.Build.0 = Debug|ARM64
		{1723C6AE-C99F-4104-B952-311C17BBF07C}.Debug|ARM64.Deploy.0 = Debug|ARM64
		{1723C6AE-C99F-4104-B952-311C17BBF07C}.Debug|iPhone.ActiveCfg = Debug|x86
		{1723C6AE-C99F-4104-B952-311C17BBF07C}.Debug|iPhone.Build.0 = Debug|x86
		{1723C6AE-C99F-4104-B952-311C17BBF07C}.Debug|iPhone.Deploy.0 = Debug|x86
		{1723C6AE-C99F-4104-B952-311C17BBF07C}.Debug|iPhoneSimulator.ActiveCfg = Debug|x86
		{1723C6AE-C99F-4104-B952-311C17BBF07C}.Debug|iPhoneSimulator.Build.0 = Debug|x86
		{1723C6AE-C99F-4104-B952-311C17BBF07C}.Debug|iPhoneSimulator.Deploy.0 = Debug|x86
		{1723C6AE-C99F-4104-B952-311C17BBF07C}.Debug|x64.ActiveCfg = Debug|x64
		{1723C6AE-C99F-4104-B952-311C17BBF07C}.Debug|x64.Build.0 = Debug|x64
		{1723C6AE-C99F-4104-B952-311C17BBF07C}.Debug|x64.Deploy.0 = Debug|x64
		{1723C6AE-C99F-4104-B952-311C17BBF07C}.Debug|x86.ActiveCfg = Debug|x86
		{1723C6AE-C99F-4104-B952-311C17BBF07C}.Debug|x86.Build.0 = Debug|x86
		{1723C6AE-C99F-4104-B952-311C17BBF07C}.Debug|x86.Deploy.0 = Debug|x86
		{1723C6AE-C99F-4104-B952-311C17BBF07C}.Release|Any CPU.ActiveCfg = Release|x86
		{1723C6AE-C99F-4104-B952-311C17BBF07C}.Release|ARM.ActiveCfg = Release|ARM
		{1723C6AE-C99F-4104-B952-311C17BBF07C}.Release|ARM.Build.0 = Release|ARM
		{1723C6AE-C99F-4104-B952-311C17BBF07C}.Release|ARM.Deploy.0 = Release|ARM
		{1723C6AE-C99F-4104-B952-311C17BBF07C}.Release|ARM64.ActiveCfg = Release|ARM64
		{1723C6AE-C99F-4104-B952-311C17BBF07C}.Release|ARM64.Build.0 = Release|ARM64
		{1723C6AE-C99F-4104-B952-311C17BBF07C}.Release|ARM64.Deploy.0 = Release|ARM64
		{1723C6AE-C99F-4104-B952-311C17BBF07C}.Release|iPhone.ActiveCfg = Release|x86
		{1723C6AE-C99F-4104-B952-311C17BBF07C}.Release|iPhone.Build.0 = Release|x86
		{1723C6AE-C99F-4104-B952-311C17BBF07C}.Release|iPhoneSimulator.ActiveCfg = Release|x86
		{1723C6AE-C99F-4104-B952-311C17BBF07C}.Release|iPhoneSimulator.Build.0 = Release|x86
		{1723C6AE-C99F-4104-B952-311C17BBF07C}.Release|iPhoneSimulator.Deploy.0 = Release|x86
		{1723C6AE-C99F-4104-B952-311C17BBF07C}.Release|x64.ActiveCfg = Release|x64
		{1723C6AE-C99F-4104-B952-311C17BBF07C}.Release|x64.Build.0 = Release|x64
		{1723C6AE-C99F-4104-B952-311C17BBF07C}.Release|x64.Deploy.0 = Release|x64
		{1723C6AE-C99F-4104-B952-311C17BBF07C}.Release|x86.ActiveCfg = Release|x86
		{1723C6AE-C99F-4104-B952-311C17BBF07C}.Release|x86.Build.0 = Release|x86
		{1723C6AE-C99F-4104-B952-311C17BBF07C}.Release|x86.Deploy.0 = Release|x86

		{0AD4D275-DDAA-46F5-AEB1-FAFE61329382}.Debug|Any CPU.ActiveCfg = Debug|Any CPU
		{0AD4D275-DDAA-46F5-AEB1-FAFE61329382}.Debug|Any CPU.Build.0 = Debug|Any CPU
		{0AD4D275-DDAA-46F5-AEB1-FAFE61329382}.Debug|Any CPU.Deploy.0 = Debug|Any CPU
		{0AD4D275-DDAA-46F5-AEB1-FAFE61329382}.Debug|ARM.ActiveCfg = Debug|Any CPU
		{0AD4D275-DDAA-46F5-AEB1-FAFE61329382}.Debug|ARM.Build.0 = Debug|Any CPU
		{0AD4D275-DDAA-46F5-AEB1-FAFE61329382}.Debug|ARM.Deploy.0 = Debug|Any CPU
		{0AD4D275-DDAA-46F5-AEB1-FAFE61329382}.Debug|ARM64.ActiveCfg = Debug|Any CPU
		{0AD4D275-DDAA-46F5-AEB1-FAFE61329382}.Debug|ARM64.Build.0 = Debug|Any CPU
		{0AD4D275-DDAA-46F5-AEB1-FAFE61329382}.Debug|ARM64.Deploy.0 = Debug|Any CPU
		{0AD4D275-DDAA-46F5-AEB1-FAFE61329382}.Debug|iPhone.ActiveCfg = Debug|Any CPU
		{0AD4D275-DDAA-46F5-AEB1-FAFE61329382}.Debug|iPhone.Build.0 = Debug|Any CPU
		{0AD4D275-DDAA-46F5-AEB1-FAFE61329382}.Debug|iPhone.Deploy.0 = Debug|Any CPU
		{0AD4D275-DDAA-46F5-AEB1-FAFE61329382}.Debug|iPhoneSimulator.ActiveCfg = Debug|Any CPU
		{0AD4D275-DDAA-46F5-AEB1-FAFE61329382}.Debug|iPhoneSimulator.Build.0 = Debug|Any CPU
		{0AD4D275-DDAA-46F5-AEB1-FAFE61329382}.Debug|iPhoneSimulator.Deploy.0 = Debug|Any CPU
		{0AD4D275-DDAA-46F5-AEB1-FAFE61329382}.Debug|x64.ActiveCfg = Debug|Any CPU
		{0AD4D275-DDAA-46F5-AEB1-FAFE61329382}.Debug|x64.Build.0 = Debug|Any CPU
		{0AD4D275-DDAA-46F5-AEB1-FAFE61329382}.Debug|x64.Deploy.0 = Debug|Any CPU
		{0AD4D275-DDAA-46F5-AEB1-FAFE61329382}.Debug|x86.ActiveCfg = Debug|Any CPU
		{0AD4D275-DDAA-46F5-AEB1-FAFE61329382}.Debug|x86.Build.0 = Debug|Any CPU
		{0AD4D275-DDAA-46F5-AEB1-FAFE61329382}.Debug|x86.Deploy.0 = Debug|Any CPU
		{0AD4D275-DDAA-46F5-AEB1-FAFE61329382}.Release|Any CPU.ActiveCfg = Release|Any CPU
		{0AD4D275-DDAA-46F5-AEB1-FAFE61329382}.Release|Any CPU.Build.0 = Release|Any CPU
		{0AD4D275-DDAA-46F5-AEB1-FAFE61329382}.Release|ARM.ActiveCfg = Release|Any CPU
		{0AD4D275-DDAA-46F5-AEB1-FAFE61329382}.Release|ARM.Build.0 = Release|Any CPU
		{0AD4D275-DDAA-46F5-AEB1-FAFE61329382}.Release|ARM.Deploy.0 = Release|Any CPU
		{0AD4D275-DDAA-46F5-AEB1-FAFE61329382}.Release|ARM64.ActiveCfg = Release|Any CPU
		{0AD4D275-DDAA-46F5-AEB1-FAFE61329382}.Release|ARM64.Build.0 = Release|Any CPU
		{0AD4D275-DDAA-46F5-AEB1-FAFE61329382}.Release|ARM64.Deploy.0 = Release|Any CPU
		{0AD4D275-DDAA-46F5-AEB1-FAFE61329382}.Release|iPhone.ActiveCfg = Release|Any CPU
		{0AD4D275-DDAA-46F5-AEB1-FAFE61329382}.Release|iPhone.Build.0 = Release|Any CPU
		{0AD4D275-DDAA-46F5-AEB1-FAFE61329382}.Release|iPhoneSimulator.ActiveCfg = Release|Any CPU
		{0AD4D275-DDAA-46F5-AEB1-FAFE61329382}.Release|iPhoneSimulator.Build.0 = Release|Any CPU
		{0AD4D275-DDAA-46F5-AEB1-FAFE61329382}.Release|iPhoneSimulator.Deploy.0 = Release|Any CPU
		{0AD4D275-DDAA-46F5-AEB1-FAFE61329382}.Release|x64.ActiveCfg = Release|Any CPU
		{0AD4D275-DDAA-46F5-AEB1-FAFE61329382}.Release|x64.Build.0 = Release|Any CPU
		{0AD4D275-DDAA-46F5-AEB1-FAFE61329382}.Release|x64.Deploy.0 = Release|Any CPU
		{0AD4D275-DDAA-46F5-AEB1-FAFE61329382}.Release|x86.ActiveCfg = Release|Any CPU
		{0AD4D275-DDAA-46F5-AEB1-FAFE61329382}.Release|x86.Build.0 = Release|Any CPU
		{0AD4D275-DDAA-46F5-AEB1-FAFE61329382}.Release|x86.Deploy.0 = Release|Any CPU

		{A5B8155A-118F-4794-B551-C6F3CF7E5411}.Debug|Any CPU.ActiveCfg = Debug|Any CPU
		{A5B8155A-118F-4794-B551-C6F3CF7E5411}.Debug|Any CPU.Build.0 = Debug|Any CPU
		{A5B8155A-118F-4794-B551-C6F3CF7E5411}.Debug|ARM.ActiveCfg = Debug|Any CPU
		{A5B8155A-118F-4794-B551-C6F3CF7E5411}.Debug|ARM.Build.0 = Debug|Any CPU
		{A5B8155A-118F-4794-B551-C6F3CF7E5411}.Debug|ARM64.ActiveCfg = Debug|Any CPU
		{A5B8155A-118F-4794-B551-C6F3CF7E5411}.Debug|ARM64.Build.0 = Debug|Any CPU
		{A5B8155A-118F-4794-B551-C6F3CF7E5411}.Debug|iPhone.ActiveCfg = Debug|Any CPU
		{A5B8155A-118F-4794-B551-C6F3CF7E5411}.Debug|iPhone.Build.0 = Debug|Any CPU
		{A5B8155A-118F-4794-B551-C6F3CF7E5411}.Debug|iPhoneSimulator.ActiveCfg = Debug|Any CPU
		{A5B8155A-118F-4794-B551-C6F3CF7E5411}.Debug|iPhoneSimulator.Build.0 = Debug|Any CPU
		{A5B8155A-118F-4794-B551-C6F3CF7E5411}.Debug|x64.ActiveCfg = Debug|Any CPU
		{A5B8155A-118F-4794-B551-C6F3CF7E5411}.Debug|x64.Build.0 = Debug|Any CPU
		{A5B8155A-118F-4794-B551-C6F3CF7E5411}.Debug|x86.ActiveCfg = Debug|Any CPU
		{A5B8155A-118F-4794-B551-C6F3CF7E5411}.Debug|x86.Build.0 = Debug|Any CPU
		{A5B8155A-118F-4794-B551-C6F3CF7E5411}.Release|Any CPU.ActiveCfg = Release|Any CPU
		{A5B8155A-118F-4794-B551-C6F3CF7E5411}.Release|Any CPU.Build.0 = Release|Any CPU
		{A5B8155A-118F-4794-B551-C6F3CF7E5411}.Release|ARM.ActiveCfg = Release|Any CPU
		{A5B8155A-118F-4794-B551-C6F3CF7E5411}.Release|ARM.Build.0 = Release|Any CPU
		{A5B8155A-118F-4794-B551-C6F3CF7E5411}.Release|ARM64.ActiveCfg = Release|Any CPU
		{A5B8155A-118F-4794-B551-C6F3CF7E5411}.Release|ARM64.Build.0 = Release|Any CPU
		{A5B8155A-118F-4794-B551-C6F3CF7E5411}.Release|iPhone.ActiveCfg = Release|Any CPU
		{A5B8155A-118F-4794-B551-C6F3CF7E5411}.Release|iPhone.Build.0 = Release|Any CPU
		{A5B8155A-118F-4794-B551-C6F3CF7E5411}.Release|iPhoneSimulator.ActiveCfg = Release|Any CPU
		{A5B8155A-118F-4794-B551-C6F3CF7E5411}.Release|iPhoneSimulator.Build.0 = Release|Any CPU
		{A5B8155A-118F-4794-B551-C6F3CF7E5411}.Release|x64.ActiveCfg = Release|Any CPU
		{A5B8155A-118F-4794-B551-C6F3CF7E5411}.Release|x64.Build.0 = Release|Any CPU
		{A5B8155A-118F-4794-B551-C6F3CF7E5411}.Release|x86.ActiveCfg = Release|Any CPU
		{A5B8155A-118F-4794-B551-C6F3CF7E5411}.Release|x86.Build.0 = Release|Any CPU


		{761D821E-9905-4444-9ADF-76C995FE5427}.Debug|Any CPU.ActiveCfg = Debug|Any CPU
		{761D821E-9905-4444-9ADF-76C995FE5427}.Debug|Any CPU.Build.0 = Debug|Any CPU
		{761D821E-9905-4444-9ADF-76C995FE5427}.Debug|ARM.ActiveCfg = Debug|Any CPU
		{761D821E-9905-4444-9ADF-76C995FE5427}.Debug|ARM.Build.0 = Debug|Any CPU
		{761D821E-9905-4444-9ADF-76C995FE5427}.Debug|ARM64.ActiveCfg = Debug|Any CPU
		{761D821E-9905-4444-9ADF-76C995FE5427}.Debug|ARM64.Build.0 = Debug|Any CPU
		{761D821E-9905-4444-9ADF-76C995FE5427}.Debug|iPhone.ActiveCfg = Debug|Any CPU
		{761D821E-9905-4444-9ADF-76C995FE5427}.Debug|iPhone.Build.0 = Debug|Any CPU
		{761D821E-9905-4444-9ADF-76C995FE5427}.Debug|iPhoneSimulator.ActiveCfg = Debug|Any CPU
		{761D821E-9905-4444-9ADF-76C995FE5427}.Debug|iPhoneSimulator.Build.0 = Debug|Any CPU
		{761D821E-9905-4444-9ADF-76C995FE5427}.Debug|x64.ActiveCfg = Debug|Any CPU
		{761D821E-9905-4444-9ADF-76C995FE5427}.Debug|x64.Build.0 = Debug|Any CPU
		{761D821E-9905-4444-9ADF-76C995FE5427}.Debug|x86.ActiveCfg = Debug|Any CPU
		{761D821E-9905-4444-9ADF-76C995FE5427}.Debug|x86.Build.0 = Debug|Any CPU
		{761D821E-9905-4444-9ADF-76C995FE5427}.Release|Any CPU.ActiveCfg = Release|Any CPU
		{761D821E-9905-4444-9ADF-76C995FE5427}.Release|Any CPU.Build.0 = Release|Any CPU
		{761D821E-9905-4444-9ADF-76C995FE5427}.Release|ARM.ActiveCfg = Release|Any CPU
		{761D821E-9905-4444-9ADF-76C995FE5427}.Release|ARM.Build.0 = Release|Any CPU
		{761D821E-9905-4444-9ADF-76C995FE5427}.Release|ARM64.ActiveCfg = Release|Any CPU
		{761D821E-9905-4444-9ADF-76C995FE5427}.Release|ARM64.Build.0 = Release|Any CPU
		{761D821E-9905-4444-9ADF-76C995FE5427}.Release|iPhone.ActiveCfg = Release|Any CPU
		{761D821E-9905-4444-9ADF-76C995FE5427}.Release|iPhone.Build.0 = Release|Any CPU
		{761D821E-9905-4444-9ADF-76C995FE5427}.Release|iPhoneSimulator.ActiveCfg = Release|Any CPU
		{761D821E-9905-4444-9ADF-76C995FE5427}.Release|iPhoneSimulator.Build.0 = Release|Any CPU
		{761D821E-9905-4444-9ADF-76C995FE5427}.Release|x64.ActiveCfg = Release|Any CPU
		{761D821E-9905-4444-9ADF-76C995FE5427}.Release|x64.Build.0 = Release|Any CPU
		{761D821E-9905-4444-9ADF-76C995FE5427}.Release|x86.ActiveCfg = Release|Any CPU
		{761D821E-9905-4444-9ADF-76C995FE5427}.Release|x86.Build.0 = Release|Any CPU

		{6CF284A4-22B1-4F05-97F4-F095C07A598E}.Debug|Any CPU.ActiveCfg = Debug|Any CPU
		{6CF284A4-22B1-4F05-97F4-F095C07A598E}.Debug|Any CPU.Build.0 = Debug|Any CPU
		{6CF284A4-22B1-4F05-97F4-F095C07A598E}.Debug|ARM.ActiveCfg = Debug|Any CPU
		{6CF284A4-22B1-4F05-97F4-F095C07A598E}.Debug|ARM.Build.0 = Debug|Any CPU
		{6CF284A4-22B1-4F05-97F4-F095C07A598E}.Debug|ARM64.ActiveCfg = Debug|Any CPU
		{6CF284A4-22B1-4F05-97F4-F095C07A598E}.Debug|ARM64.Build.0 = Debug|Any CPU
		{6CF284A4-22B1-4F05-97F4-F095C07A598E}.Debug|iPhone.ActiveCfg = Debug|Any CPU
		{6CF284A4-22B1-4F05-97F4-F095C07A598E}.Debug|iPhone.Build.0 = Debug|Any CPU
		{6CF284A4-22B1-4F05-97F4-F095C07A598E}.Debug|iPhoneSimulator.ActiveCfg = Debug|Any CPU
		{6CF284A4-22B1-4F05-97F4-F095C07A598E}.Debug|iPhoneSimulator.Build.0 = Debug|Any CPU
		{6CF284A4-22B1-4F05-97F4-F095C07A598E}.Debug|x64.ActiveCfg = Debug|Any CPU
		{6CF284A4-22B1-4F05-97F4-F095C07A598E}.Debug|x64.Build.0 = Debug|Any CPU
		{6CF284A4-22B1-4F05-97F4-F095C07A598E}.Debug|x86.ActiveCfg = Debug|Any CPU
		{6CF284A4-22B1-4F05-97F4-F095C07A598E}.Debug|x86.Build.0 = Debug|Any CPU
		{6CF284A4-22B1-4F05-97F4-F095C07A598E}.Release|Any CPU.ActiveCfg = Release|Any CPU
		{6CF284A4-22B1-4F05-97F4-F095C07A598E}.Release|Any CPU.Build.0 = Release|Any CPU
		{6CF284A4-22B1-4F05-97F4-F095C07A598E}.Release|ARM.ActiveCfg = Release|Any CPU
		{6CF284A4-22B1-4F05-97F4-F095C07A598E}.Release|ARM.Build.0 = Release|Any CPU
		{6CF284A4-22B1-4F05-97F4-F095C07A598E}.Release|ARM64.ActiveCfg = Release|Any CPU
		{6CF284A4-22B1-4F05-97F4-F095C07A598E}.Release|ARM64.Build.0 = Release|Any CPU
		{6CF284A4-22B1-4F05-97F4-F095C07A598E}.Release|iPhone.ActiveCfg = Release|Any CPU
		{6CF284A4-22B1-4F05-97F4-F095C07A598E}.Release|iPhone.Build.0 = Release|Any CPU
		{6CF284A4-22B1-4F05-97F4-F095C07A598E}.Release|iPhoneSimulator.ActiveCfg = Release|Any CPU
		{6CF284A4-22B1-4F05-97F4-F095C07A598E}.Release|iPhoneSimulator.Build.0 = Release|Any CPU
		{6CF284A4-22B1-4F05-97F4-F095C07A598E}.Release|x64.ActiveCfg = Release|Any CPU
		{6CF284A4-22B1-4F05-97F4-F095C07A598E}.Release|x64.Build.0 = Release|Any CPU
		{6CF284A4-22B1-4F05-97F4-F095C07A598E}.Release|x86.ActiveCfg = Release|Any CPU
		{6CF284A4-22B1-4F05-97F4-F095C07A598E}.Release|x86.Build.0 = Release|Any CPU

		{40EA03F7-8A22-4143-B251-79BAC3EB13D2}.Debug|Any CPU.ActiveCfg = Debug|Any CPU
		{40EA03F7-8A22-4143-B251-79BAC3EB13D2}.Debug|Any CPU.Build.0 = Debug|Any CPU
		{40EA03F7-8A22-4143-B251-79BAC3EB13D2}.Debug|ARM.ActiveCfg = Debug|Any CPU
		{40EA03F7-8A22-4143-B251-79BAC3EB13D2}.Debug|ARM.Build.0 = Debug|Any CPU
		{40EA03F7-8A22-4143-B251-79BAC3EB13D2}.Debug|ARM64.ActiveCfg = Debug|Any CPU
		{40EA03F7-8A22-4143-B251-79BAC3EB13D2}.Debug|ARM64.Build.0 = Debug|Any CPU
		{40EA03F7-8A22-4143-B251-79BAC3EB13D2}.Debug|iPhone.ActiveCfg = Debug|Any CPU
		{40EA03F7-8A22-4143-B251-79BAC3EB13D2}.Debug|iPhone.Build.0 = Debug|Any CPU
		{40EA03F7-8A22-4143-B251-79BAC3EB13D2}.Debug|iPhoneSimulator.ActiveCfg = Debug|Any CPU
		{40EA03F7-8A22-4143-B251-79BAC3EB13D2}.Debug|iPhoneSimulator.Build.0 = Debug|Any CPU
		{40EA03F7-8A22-4143-B251-79BAC3EB13D2}.Debug|x64.ActiveCfg = Debug|Any CPU
		{40EA03F7-8A22-4143-B251-79BAC3EB13D2}.Debug|x64.Build.0 = Debug|Any CPU
		{40EA03F7-8A22-4143-B251-79BAC3EB13D2}.Debug|x86.ActiveCfg = Debug|Any CPU
		{40EA03F7-8A22-4143-B251-79BAC3EB13D2}.Debug|x86.Build.0 = Debug|Any CPU
		{40EA03F7-8A22-4143-B251-79BAC3EB13D2}.Release|Any CPU.ActiveCfg = Release|Any CPU
		{40EA03F7-8A22-4143-B251-79BAC3EB13D2}.Release|Any CPU.Build.0 = Release|Any CPU
		{40EA03F7-8A22-4143-B251-79BAC3EB13D2}.Release|ARM.ActiveCfg = Release|Any CPU
		{40EA03F7-8A22-4143-B251-79BAC3EB13D2}.Release|ARM.Build.0 = Release|Any CPU
		{40EA03F7-8A22-4143-B251-79BAC3EB13D2}.Release|ARM64.ActiveCfg = Release|Any CPU
		{40EA03F7-8A22-4143-B251-79BAC3EB13D2}.Release|ARM64.Build.0 = Release|Any CPU
		{40EA03F7-8A22-4143-B251-79BAC3EB13D2}.Release|iPhone.ActiveCfg = Release|Any CPU
		{40EA03F7-8A22-4143-B251-79BAC3EB13D2}.Release|iPhone.Build.0 = Release|Any CPU
		{40EA03F7-8A22-4143-B251-79BAC3EB13D2}.Release|iPhoneSimulator.ActiveCfg = Release|Any CPU
		{40EA03F7-8A22-4143-B251-79BAC3EB13D2}.Release|iPhoneSimulator.Build.0 = Release|Any CPU
		{40EA03F7-8A22-4143-B251-79BAC3EB13D2}.Release|x64.ActiveCfg = Release|Any CPU
		{40EA03F7-8A22-4143-B251-79BAC3EB13D2}.Release|x64.Build.0 = Release|Any CPU
		{40EA03F7-8A22-4143-B251-79BAC3EB13D2}.Release|x86.ActiveCfg = Release|Any CPU
		{40EA03F7-8A22-4143-B251-79BAC3EB13D2}.Release|x86.Build.0 = Release|Any CPU
		{7B5C2230-3B4B-4663-AD8D-A2115D6F67F4}.Debug|Any CPU.ActiveCfg = Debug|iPhoneSimulator
		{7B5C2230-3B4B-4663-AD8D-A2115D6F67F4}.Debug|Any CPU.Build.0 = Debug|iPhoneSimulator
		{7B5C2230-3B4B-4663-AD8D-A2115D6F67F4}.Debug|ARM.ActiveCfg = Debug|iPhoneSimulator
		{7B5C2230-3B4B-4663-AD8D-A2115D6F67F4}.Debug|ARM64.ActiveCfg = Debug|iPhoneSimulator
		{7B5C2230-3B4B-4663-AD8D-A2115D6F67F4}.Debug|iPhone.ActiveCfg = Debug|iPhoneSimulator
		{7B5C2230-3B4B-4663-AD8D-A2115D6F67F4}.Debug|iPhone.Build.0 = Debug|iPhoneSimulator
		{7B5C2230-3B4B-4663-AD8D-A2115D6F67F4}.Debug|iPhoneSimulator.ActiveCfg = Debug|iPhoneSimulator
		{7B5C2230-3B4B-4663-AD8D-A2115D6F67F4}.Debug|iPhoneSimulator.Build.0 = Debug|iPhoneSimulator
		{7B5C2230-3B4B-4663-AD8D-A2115D6F67F4}.Debug|x64.ActiveCfg = Debug|iPhoneSimulator
		{7B5C2230-3B4B-4663-AD8D-A2115D6F67F4}.Debug|x64.Build.0 = Debug|iPhoneSimulator
		{7B5C2230-3B4B-4663-AD8D-A2115D6F67F4}.Debug|x86.ActiveCfg = Debug|iPhoneSimulator
		{7B5C2230-3B4B-4663-AD8D-A2115D6F67F4}.Debug|x86.Build.0 = Debug|iPhoneSimulator
		{7B5C2230-3B4B-4663-AD8D-A2115D6F67F4}.Release|Any CPU.ActiveCfg = Release|iPhoneSimulator
		{7B5C2230-3B4B-4663-AD8D-A2115D6F67F4}.Release|ARM.ActiveCfg = Release|iPhoneSimulator
		{7B5C2230-3B4B-4663-AD8D-A2115D6F67F4}.Release|ARM64.ActiveCfg = Release|iPhoneSimulator
		{7B5C2230-3B4B-4663-AD8D-A2115D6F67F4}.Release|iPhone.ActiveCfg = Release|iPhoneSimulator
		{7B5C2230-3B4B-4663-AD8D-A2115D6F67F4}.Release|iPhone.Build.0 = Release|iPhoneSimulator
		{7B5C2230-3B4B-4663-AD8D-A2115D6F67F4}.Release|iPhoneSimulator.ActiveCfg = Release|iPhoneSimulator
		{7B5C2230-3B4B-4663-AD8D-A2115D6F67F4}.Release|iPhoneSimulator.Build.0 = Release|iPhoneSimulator
		{7B5C2230-3B4B-4663-AD8D-A2115D6F67F4}.Release|x64.ActiveCfg = Release|iPhoneSimulator
		{7B5C2230-3B4B-4663-AD8D-A2115D6F67F4}.Release|x64.Build.0 = Release|iPhoneSimulator
		{7B5C2230-3B4B-4663-AD8D-A2115D6F67F4}.Release|x86.ActiveCfg = Release|iPhoneSimulator
		{7B5C2230-3B4B-4663-AD8D-A2115D6F67F4}.Release|x86.Build.0 = Release|iPhoneSimulator
	EndGlobalSection
	GlobalSection(SolutionProperties) = preSolution
		HideSolutionNode = FALSE
	EndGlobalSection
	GlobalSection(ExtensibilityGlobals) = postSolution
		SolutionGuid = {C7433AE2-B1A0-4C1A-887E-5CAA7AAF67A6}
	EndGlobalSection
EndGlobal
